[[package]]
category = "dev"
description = "A small Python module for determining appropriate platform-specific dirs, e.g. a \"user data dir\"."
name = "appdirs"
optional = false
python-versions = "*"
version = "1.4.3"

[[package]]
category = "dev"
description = "An unobtrusive argparse wrapper with natural syntax"
name = "argh"
optional = false
python-versions = "*"
version = "0.26.2"

[[package]]
category = "dev"
description = "Atomic file writes."
name = "atomicwrites"
optional = false
python-versions = ">=2.7, !=3.0.*, !=3.1.*, !=3.2.*, !=3.3.*"
version = "1.3.0"

[[package]]
category = "dev"
description = "Classes Without Boilerplate"
name = "attrs"
optional = false
python-versions = "*"
version = "18.2.0"

[[package]]
category = "main"
description = "Screen-scraping library"
name = "beautifulsoup4"
optional = false
python-versions = "*"
version = "4.7.1"

[package.dependencies]
soupsieve = ">=1.2"

[[package]]
category = "dev"
description = "The uncompromising code formatter."
name = "black"
optional = false
python-versions = ">=3.6"
version = "19.3b0"

[package.dependencies]
appdirs = "*"
attrs = ">=18.1.0"
click = ">=6.5"
toml = ">=0.9.4"

[[package]]
category = "main"
description = "An easy safelist-based HTML-sanitizing tool."
name = "bleach"
optional = false
python-versions = ">=2.7, !=3.0.*, !=3.1.*, !=3.2.*, !=3.3.*"
version = "3.1.0"

[package.dependencies]
six = ">=1.9.0"
webencodings = "*"

[[package]]
category = "main"
description = "Python package for providing Mozilla's CA Bundle."
name = "certifi"
optional = false
python-versions = "*"
version = "2019.3.9"

[[package]]
category = "main"
description = "Universal encoding detector for Python 2 and 3"
name = "chardet"
optional = false
python-versions = "*"
version = "3.0.4"

[[package]]
category = "dev"
description = "Composable command line interface toolkit"
name = "click"
optional = false
python-versions = ">=2.7, !=3.0.*, !=3.1.*, !=3.2.*, !=3.3.*"
version = "7.0"

[[package]]
category = "dev"
description = "Cross-platform colored terminal text."
marker = "sys_platform == \"win32\""
name = "colorama"
optional = false
python-versions = ">=2.7, !=3.0.*, !=3.1.*, !=3.2.*, !=3.3.*"
version = "0.4.1"

[[package]]
category = "dev"
description = "Code coverage measurement for Python"
name = "coverage"
optional = false
python-versions = ">=2.6, !=3.0.*, !=3.1.*, !=3.2.*, <4"
version = "4.5.3"

[[package]]
category = "dev"
description = "Show coverage stats online via coveralls.io"
name = "coveralls"
optional = false
python-versions = "*"
version = "1.7.0"

[package.dependencies]
coverage = ">=3.6"
docopt = ">=0.6.1"
requests = ">=1.0.0"

[[package]]
category = "main"
description = "Use Database URLs in your Django Application."
name = "dj-database-url"
optional = false
python-versions = "*"
version = "0.5.0"

[[package]]
category = "main"
description = "A high-level Python Web framework that encourages rapid development and clean, pragmatic design."
name = "django"
optional = false
python-versions = ">=3.4"
version = "2.0.13"

[package.dependencies]
pytz = "*"

[[package]]
category = "main"
description = "Generate generic activity streams from the actions on your site. Users can follow any actors' activities for personalized streams."
name = "django-activity-stream"
optional = false
python-versions = "*"
version = "0.7.0"

[[package]]
category = "main"
description = "A helper class for handling configuration defaults of packaged apps gracefully."
name = "django-appconf"
optional = false
python-versions = "*"
version = "1.0.3"

[package.dependencies]
django = "*"
six = "*"

[[package]]
category = "main"
description = "Database backed asynchronous task queue"
name = "django-background-tasks"
optional = false
python-versions = "*"
version = "1.2.0"

[package.dependencies]
django-compat = ">=1.0.13"
six = "*"

[[package]]
category = "main"
description = "Bootstrap support for Django projects"
name = "django-bootstrap4"
optional = false
python-versions = "*"
version = "0.0.8"

[[package]]
category = "main"
description = "For- and backwards compatibility layer for Django 1.4, 1.7, 1.8, 1.9, 1.10, and 1.11"
name = "django-compat"
optional = false
python-versions = "*"
version = "1.0.15"

[package.dependencies]
six = ">=1.10.0"

[[package]]
category = "main"
description = "Compresses linked and inline JavaScript or CSS into single cached files."
name = "django-compressor"
optional = false
python-versions = "*"
version = "2.2"

[package.dependencies]
django-appconf = ">=1.0"
rcssmin = "1.0.6"
rjsmin = "1.0.12"

[[package]]
category = "main"
description = "A helper for organizing Django settings."
name = "django-configurations"
optional = false
python-versions = "*"
version = "2.1"

[[package]]
category = "dev"
description = "A configurable set of panels that display various debug information about the current request/response."
name = "django-debug-toolbar"
optional = false
python-versions = ">=2.7, !=3.0.*, !=3.1.*, !=3.2.*, !=3.3.*"
version = "1.11"

[package.dependencies]
Django = ">=1.11"
sqlparse = ">=0.2.0"

[[package]]
category = "dev"
description = "Extensions for Django"
name = "django-extensions"
optional = false
python-versions = "*"
version = "2.1.6"

[package.dependencies]
six = ">=1.2"

[[package]]
category = "main"
description = "A django-compressor filter to compile SASS files using libsass"
name = "django-libsass"
optional = false
python-versions = "*"
version = "0.7"

[package.dependencies]
django-compressor = ">=1.3"
libsass = ">=0.7.0"

[[package]]
category = "dev"
description = "LiveReload functionality integrated with your Django development environment"
name = "django-livereload-server"
optional = false
python-versions = "*"
version = "0.3.2"

[package.dependencies]
beautifulsoup4 = ">=4.3.2"
django = ">=1.8"
six = "*"
tornado = "*"

[[package]]
category = "main"
description = "Transparently use webpack with django"
name = "django-webpack-loader"
optional = false
python-versions = "*"
version = "0.6.0"

[[package]]
category = "main"
description = "Web APIs for Django, made easy."
name = "djangorestframework"
optional = false
python-versions = ">=2.7, !=3.0.*, !=3.1.*, !=3.2.*, !=3.3.*"
version = "3.9.2"

[[package]]
category = "dev"
description = "Pythonic argument parser, that will make you smile"
name = "docopt"
optional = false
python-versions = "*"
version = "0.6.2"

[[package]]
category = "dev"
description = "Discover and load entry points from installed packages."
name = "entrypoints"
optional = false
python-versions = ">=2.7"
version = "0.3"

[[package]]
category = "dev"
description = "Removes commented-out code."
name = "eradicate"
optional = false
python-versions = "*"
version = "1.0"

[[package]]
category = "main"
description = "Universal feed parser, handles RSS 0.9x, RSS 1.0, RSS 2.0, CDF, Atom 0.3, and Atom 1.0 feeds"
name = "feedparser"
optional = false
python-versions = "*"
version = "5.2.1"

[[package]]
category = "dev"
description = "the modular source code checker: pep8, pyflakes and co"
name = "flake8"
optional = false
python-versions = ">=2.7, !=3.0.*, !=3.1.*, !=3.2.*, !=3.3.*"
version = "3.7.7"

[package.dependencies]
entrypoints = ">=0.3.0,<0.4.0"
mccabe = ">=0.6.0,<0.7.0"
pycodestyle = ">=2.5.0,<2.6.0"
pyflakes = ">=2.1.0,<2.2.0"

[[package]]
category = "dev"
description = "A plugin for flake8 finding likely bugs and design problems in your program. Contains warnings that don't belong in pyflakes and pycodestyle."
name = "flake8-bugbear"
optional = false
python-versions = ">=3.5"
version = "19.3.0"

[package.dependencies]
attrs = "*"
flake8 = ">=3.0.0"

[[package]]
category = "dev"
description = "Flake8 plugin to find commented out code"
name = "flake8-eradicate"
optional = false
python-versions = ">=3.6,<4.0"
version = "0.2.0"

[package.dependencies]
attrs = ">=18.2.0,<19.0.0"
eradicate = ">=0.2.1,<1.1.0"
flake8 = ">=3.5,<4.0"

[[package]]
category = "dev"
description = "JUnit XML Formatter for flake8"
name = "flake8-formatter-junit-xml"
optional = false
python-versions = "*"
version = "0.0.6"

[package.dependencies]
flake8 = ">3.0.0"
junit-xml = ">=1.8"

[[package]]
category = "main"
description = "HTML parser based on the WHATWG HTML specification"
name = "html5lib"
optional = false
python-versions = "*"
version = "1.0.1"

[package.dependencies]
six = ">=1.9"
webencodings = "*"

[[package]]
category = "main"
description = "Internationalized Domain Names in Applications (IDNA)"
name = "idna"
optional = false
python-versions = ">=2.7, !=3.0.*, !=3.1.*, !=3.2.*, !=3.3.*"
version = "2.8"

[[package]]
category = "dev"
description = "Creates JUnit XML test result documents that can be read by tools such as Jenkins"
name = "junit-xml"
optional = false
python-versions = "*"
version = "1.8"

[package.dependencies]
six = "*"

[[package]]
category = "main"
description = "Labels and compares human languages in a standardized way"
name = "langcodes"
optional = false
python-versions = "*"
version = "1.4.1"

[package.dependencies]
marisa-trie = "*"

[[package]]
category = "main"
description = "Sass for Python: A straightforward binding of libsass for Python."
name = "libsass"
optional = false
python-versions = "*"
version = "0.18.0"

[package.dependencies]
six = "*"

[[package]]
category = "main"
description = "Static memory-efficient and fast Trie-like structures for Python."
name = "marisa-trie"
optional = false
python-versions = ">=2.7, !=3.0.*, !=3.1.*, !=3.2.*, !=3.3.*"
version = "0.7.5"

[[package]]
category = "main"
description = "Python implementation of Markdown."
name = "markdown"
optional = false
python-versions = ">=2.7,!=3.0.*,!=3.1.*,!=3.2.*,!=3.3.*,!=3.4.*"
version = "3.1"

[package.dependencies]
setuptools = ">=36"

[[package]]
category = "dev"
description = "McCabe checker, plugin for flake8"
name = "mccabe"
optional = false
python-versions = "*"
version = "0.6.1"

[[package]]
category = "dev"
description = "More routines for operating on iterables, beyond itertools"
marker = "python_version > \"2.7\""
name = "more-itertools"
optional = false
python-versions = ">=3.4"
version = "7.0.0"

[[package]]
category = "dev"
description = "multidict implementation"
marker = "python_version >= \"3.4\""
name = "multidict"
optional = false
python-versions = ">=3.4.1"
version = "4.5.2"

[[package]]
category = "main"
description = "Python interface to MySQL"
name = "mysqlclient"
optional = false
python-versions = "*"
version = "1.4.2.post1"

[[package]]
category = "dev"
description = "File system general utilities"
name = "pathtools"
optional = false
python-versions = "*"
version = "0.1.2"

[[package]]
category = "main"
description = "Python Imaging Library (Fork)"
name = "pillow"
optional = false
python-versions = ">=2.7, !=3.0.*, !=3.1.*, !=3.2.*, !=3.3.*, !=3.4.*"
version = "6.0.0"

[[package]]
category = "dev"
description = "plugin and hook calling mechanisms for python"
name = "pluggy"
optional = false
python-versions = ">=2.7, !=3.0.*, !=3.1.*, !=3.2.*, !=3.3.*"
version = "0.9.0"

[[package]]
category = "main"
description = "psycopg2 - Python-PostgreSQL Database Adapter"
name = "psycopg2-binary"
optional = false
python-versions = ">=2.7,!=3.0.*,!=3.1.*,!=3.2.*,!=3.3.*"
version = "2.8.2"

[[package]]
category = "dev"
description = "library with cross-python path, ini-parsing, io, code, log facilities"
name = "py"
optional = false
python-versions = ">=2.7, !=3.0.*, !=3.1.*, !=3.2.*, !=3.3.*"
version = "1.8.0"

[[package]]
category = "dev"
description = "Python style guide checker"
name = "pycodestyle"
optional = false
python-versions = ">=2.7, !=3.0.*, !=3.1.*, !=3.2.*, !=3.3.*"
version = "2.5.0"

[[package]]
category = "dev"
description = "passive checker of Python programs"
name = "pyflakes"
optional = false
python-versions = ">=2.7, !=3.0.*, !=3.1.*, !=3.2.*, !=3.3.*"
version = "2.1.1"

[[package]]
category = "dev"
description = "pytest: simple powerful testing with Python"
name = "pytest"
optional = false
python-versions = ">=2.7, !=3.0.*, !=3.1.*, !=3.2.*, !=3.3.*"
version = "4.4.1"

[package.dependencies]
atomicwrites = ">=1.0"
attrs = ">=17.4.0"
colorama = "*"
pluggy = ">=0.9"
py = ">=1.5.0"
setuptools = "*"
six = ">=1.10.0"

[package.dependencies.more-itertools]
python = ">=2.8"
version = ">=4.0.0"

[[package]]
category = "dev"
description = "Pytest plugin for measuring coverage."
name = "pytest-cov"
optional = false
python-versions = ">=2.7, !=3.0.*, !=3.1.*, !=3.2.*, !=3.3.*"
version = "2.7.1"

[package.dependencies]
coverage = ">=4.4"
pytest = ">=3.6"

[[package]]
category = "dev"
description = "A Django plugin for pytest."
name = "pytest-django"
optional = false
python-versions = ">=2.7, !=3.0.*, !=3.1.*, !=3.2.*, !=3.3.*"
version = "3.4.8"

[package.dependencies]
pytest = ">=3.6"

[[package]]
category = "dev"
description = "Thin-wrapper around the mock package for easier use with py.test"
name = "pytest-mock"
optional = false
python-versions = ">=2.7, !=3.0.*, !=3.1.*, !=3.2.*, !=3.3.*"
version = "1.10.4"

[package.dependencies]
pytest = ">=2.7"

[[package]]
category = "dev"
description = "Plugin for managing VCR.py cassettes"
name = "pytest-vcr"
optional = false
python-versions = "*"
version = "1.0.2"

[package.dependencies]
pytest = ">=3.6.0"
vcrpy = "*"

[[package]]
category = "main"
description = "Extensions to the standard Python datetime module"
name = "python-dateutil"
optional = false
python-versions = ">=2.7, !=3.0.*, !=3.1.*, !=3.2.*"
version = "2.8.0"

[package.dependencies]
six = ">=1.5"

[[package]]
category = "main"
description = "World timezone definitions, modern and historical"
name = "pytz"
optional = false
python-versions = "*"
version = "2019.1"

[[package]]
category = "dev"
description = "YAML parser and emitter for Python"
name = "pyyaml"
optional = false
python-versions = ">=2.7, !=3.0.*, !=3.1.*, !=3.2.*, !=3.3.*"
version = "5.1"

[[package]]
category = "main"
description = "CSS Minifier"
name = "rcssmin"
optional = false
python-versions = "*"
version = "1.0.6"

[[package]]
category = "main"
description = "Python HTTP for Humans."
name = "requests"
optional = false
python-versions = ">=2.7, !=3.0.*, !=3.1.*, !=3.2.*, !=3.3.*"
version = "2.21.0"

[package.dependencies]
certifi = ">=2017.4.17"
chardet = ">=3.0.2,<3.1.0"
idna = ">=2.5,<2.9"
urllib3 = ">=1.21.1,<1.25"

[[package]]
category = "main"
description = "Javascript Minifier"
name = "rjsmin"
optional = false
python-versions = "*"
version = "1.0.12"

[[package]]
category = "main"
description = "Python 2 and 3 compatibility utilities"
name = "six"
optional = false
python-versions = ">=2.6, !=3.0.*, !=3.1.*"
version = "1.12.0"

[[package]]
category = "main"
description = "A modern CSS selector implementation for Beautiful Soup."
name = "soupsieve"
optional = false
python-versions = "*"
version = "1.9.1"

[[package]]
category = "dev"
description = "Non-validating SQL parser"
name = "sqlparse"
optional = false
python-versions = ">=2.7, !=3.0.*, !=3.1.*, !=3.2.*, !=3.3.*"
version = "0.3.0"

[[package]]
category = "dev"
description = "Python Library for Tom's Obvious, Minimal Language"
name = "toml"
optional = false
python-versions = "*"
version = "0.10.0"

[[package]]
category = "dev"
description = "Tornado is a Python web framework and asynchronous networking library, originally developed at FriendFeed."
name = "tornado"
optional = false
python-versions = ">= 3.5"
version = "6.0.2"

[[package]]
category = "main"
description = "HTTP library with thread-safe connection pooling, file post, and more."
name = "urllib3"
optional = false
python-versions = ">=2.7, !=3.0.*, !=3.1.*, !=3.2.*, !=3.3.*, <4"
version = "1.24.2"

[[package]]
category = "dev"
description = "Automatically mock your HTTP interactions to simplify and speed up testing"
name = "vcrpy"
optional = false
python-versions = ">=2.7, !=3.0.*, !=3.1.*, !=3.2.*, !=3.3.*"
version = "2.0.1"

[package.dependencies]
PyYAML = "*"
six = ">=1.5"
wrapt = "*"

[package.dependencies.yarl]
python = ">=3.4"
version = "*"

[[package]]
category = "dev"
description = "Filesystem events monitoring"
name = "watchdog"
optional = false
python-versions = "*"
version = "0.9.0"

[package.dependencies]
PyYAML = ">=3.10"
argh = ">=0.24.1"
pathtools = ">=0.1.1"

[[package]]
category = "main"
description = "Character encoding aliases for legacy web content"
name = "webencodings"
optional = false
python-versions = "*"
version = "0.5.1"

[[package]]
category = "dev"
description = "The comprehensive WSGI web application library."
name = "werkzeug"
optional = false
python-versions = ">=2.7, !=3.0.*, !=3.1.*, !=3.2.*, !=3.3.*"
version = "0.15.2"

[[package]]
category = "main"
description = "Radically simplified static file serving for WSGI applications"
name = "whitenoise"
optional = false
python-versions = "*"
version = "4.1.2"

[[package]]
category = "dev"
description = "Module for decorators, wrappers and monkey patching."
name = "wrapt"
optional = false
python-versions = "*"
version = "1.11.1"

[[package]]
category = "dev"
description = "Yet another URL library"
marker = "python_version >= \"3.4\""
name = "yarl"
optional = false
python-versions = ">=3.5.3"
version = "1.3.0"

[package.dependencies]
idna = ">=2.0"
multidict = ">=4.0"

[metadata]
content-hash = "8cbc83dbd3e35fc5b41ac42fa8bd009f63786d801229f9639d2332a1a2cb7516"
python-versions = "^3.7"

[metadata.hashes]
appdirs = ["9e5896d1372858f8dd3344faf4e5014d21849c756c8d5701f78f8a103b372d92", "d8b24664561d0d34ddfaec54636d502d7cea6e29c3eaf68f3df6180863e2166e"]
argh = ["a9b3aaa1904eeb78e32394cd46c6f37ac0fb4af6dc488daa58971bdc7d7fcaf3", "e9535b8c84dc9571a48999094fda7f33e63c3f1b74f3e5f3ac0105a58405bb65"]
atomicwrites = ["03472c30eb2c5d1ba9227e4c2ca66ab8287fbfbbda3888aa93dc2e28fc6811b4", "75a9445bac02d8d058d5e1fe689654ba5a6556a1dfd8ce6ec55a0ed79866cfa6"]
attrs = ["10cbf6e27dbce8c30807caf056c8eb50917e0eaafe86347671b57254006c3e69", "ca4be454458f9dec299268d472aaa5a11f67a4ff70093396e1ceae9c76cf4bbb"]
beautifulsoup4 = ["034740f6cb549b4e932ae1ab975581e6103ac8f942200a0e9759065984391858", "945065979fb8529dd2f37dbb58f00b661bdbcbebf954f93b32fdf5263ef35348", "ba6d5c59906a85ac23dadfe5c88deaf3e179ef565f4898671253e50a78680718"]
black = ["09a9dcb7c46ed496a9850b76e4e825d6049ecd38b611f1224857a79bd985a8cf", "68950ffd4d9169716bcb8719a56c07a2f4485354fec061cdd5910aa07369731c"]
bleach = ["213336e49e102af26d9cde77dd2d0397afabc5a6bf2fed985dc35b5d1e285a16", "3fdf7f77adcf649c9911387df51254b813185e32b2c6619f690b593a617e19fa"]
certifi = ["59b7658e26ca9c7339e00f8f4636cdfe59d34fa37b9b04f6f9e9926b3cece1a5", "b26104d6835d1f5e49452a26eb2ff87fe7090b89dfcaee5ea2212697e1e1d7ae"]
chardet = ["84ab92ed1c4d4f16916e05906b6b75a6c0fb5db821cc65e70cbd64a3e2a5eaae", "fc323ffcaeaed0e0a02bf4d117757b98aed530d9ed4531e3e15460124c106691"]
click = ["2335065e6395b9e67ca716de5f7526736bfa6ceead690adf616d925bdc622b13", "5b94b49521f6456670fdb30cd82a4eca9412788a93fa6dd6df72c94d5a8ff2d7"]
colorama = ["05eed71e2e327246ad6b38c540c4a3117230b19679b875190486ddd2d721422d", "f8ac84de7840f5b9c4e3347b3c1eaa50f7e49c2b07596221daec5edaabbd7c48"]
coverage = ["0c5fe441b9cfdab64719f24e9684502a59432df7570521563d7b1aff27ac755f", "2b412abc4c7d6e019ce7c27cbc229783035eef6d5401695dccba80f481be4eb3", "3684fabf6b87a369017756b551cef29e505cb155ddb892a7a29277b978da88b9", "39e088da9b284f1bd17c750ac672103779f7954ce6125fd4382134ac8d152d74", "3c205bc11cc4fcc57b761c2da73b9b72a59f8d5ca89979afb0c1c6f9e53c7390", "42692db854d13c6c5e9541b6ffe0fe921fe16c9c446358d642ccae1462582d3b", "465ce53a8c0f3a7950dfb836438442f833cf6663d407f37d8c52fe7b6e56d7e8", "48020e343fc40f72a442c8a1334284620f81295256a6b6ca6d8aa1350c763bbe", "4ec30ade438d1711562f3786bea33a9da6107414aed60a5daa974d50a8c2c351", "5296fc86ab612ec12394565c500b412a43b328b3907c0d14358950d06fd83baf", "5f61bed2f7d9b6a9ab935150a6b23d7f84b8055524e7be7715b6513f3328138e", "6899797ac384b239ce1926f3cb86ffc19996f6fa3a1efbb23cb49e0c12d8c18c", "68a43a9f9f83693ce0414d17e019daee7ab3f7113a70c79a3dd4c2f704e4d741", "6b8033d47fe22506856fe450470ccb1d8ba1ffb8463494a15cfc96392a288c09", "7ad7536066b28863e5835e8cfeaa794b7fe352d99a8cded9f43d1161be8e9fbd", "7bacb89ccf4bedb30b277e96e4cc68cd1369ca6841bde7b005191b54d3dd1034", "839dc7c36501254e14331bcb98b27002aa415e4af7ea039d9009409b9d2d5420", "8e679d1bde5e2de4a909efb071f14b472a678b788904440779d2c449c0355b27", "8f9a95b66969cdea53ec992ecea5406c5bd99c9221f539bca1e8406b200ae98c", "932c03d2d565f75961ba1d3cec41ddde00e162c5b46d03f7423edcb807734eab", "93f965415cc51604f571e491f280cff0f5be35895b4eb5e55b47ae90c02a497b", "988529edadc49039d205e0aa6ce049c5ccda4acb2d6c3c5c550c17e8c02c05ba", "998d7e73548fe395eeb294495a04d38942edb66d1fa61eb70418871bc621227e", "9de60893fb447d1e797f6bf08fdf0dbcda0c1e34c1b06c92bd3a363c0ea8c609", "9e80d45d0c7fcee54e22771db7f1b0b126fb4a6c0a2e5afa72f66827207ff2f2", "a545a3dfe5082dc8e8c3eb7f8a2cf4f2870902ff1860bd99b6198cfd1f9d1f49", "a5d8f29e5ec661143621a8f4de51adfb300d7a476224156a39a392254f70687b", "a9abc8c480e103dc05d9b332c6cc9fb1586330356fc14f1aa9c0ca5745097d19", "aca06bfba4759bbdb09bf52ebb15ae20268ee1f6747417837926fae990ebc41d", "bb23b7a6fd666e551a3094ab896a57809e010059540ad20acbeec03a154224ce", "bfd1d0ae7e292105f29d7deaa9d8f2916ed8553ab9d5f39ec65bcf5deadff3f9", "c22ab9f96cbaff05c6a84e20ec856383d27eae09e511d3e6ac4479489195861d", "c62ca0a38958f541a73cf86acdab020c2091631c137bd359c4f5bddde7b75fd4", "c709d8bda72cf4cd348ccec2a4881f2c5848fd72903c185f363d361b2737f773", "c968a6aa7e0b56ecbd28531ddf439c2ec103610d3e2bf3b75b813304f8cb7723", "ca58eba39c68010d7e87a823f22a081b5290e3e3c64714aac3c91481d8b34d22", "df785d8cb80539d0b55fd47183264b7002077859028dfe3070cf6359bf8b2d9c", "f406628ca51e0ae90ae76ea8398677a921b36f0bd71aab2099dfed08abd0322f", "f46087bbd95ebae244a0eda01a618aff11ec7a069b15a3ef8f6b520db523dcf1", "f8019c5279eb32360ca03e9fac40a12667715546eed5c5eb59eb381f2f501260", "fc5f4d209733750afd2714e9109816a29500718b32dd9a5db01c0cb3a019b96a"]
coveralls = ["baa26648430d5c2225ab12d7e2067f75597a4b967034bba7e3d5ab7501d207a1", "ff9b7823b15070f26f654837bb02a201d006baaf2083e0514ffd3b34a3ffed81"]
dj-database-url = ["4aeaeb1f573c74835b0686a2b46b85990571159ffc21aa57ecd4d1e1cb334163", "851785365761ebe4994a921b433062309eb882fedd318e1b0fcecc607ed02da9"]
django = ["665457d4146bbd34ae9d2970fa3b37082d7b225b0671bfd24c337458f229db78", "bde46d4dbc410678e89bc95ea5d312dd6eb4c37d0fa0e19c9415cad94addf22f"]
django-activity-stream = ["4d356d640e6298c559c861bf05f63f4e0e0bffa95005f7253ebca788555a64cf"]
django-appconf = ["35f13ca4d567f132b960e2cd4c832c2d03cb6543452d34e29b7ba10371ba80e3", "c98a7af40062e996b921f5962a1c4f3f0c979fa7885f7be4710cceb90ebe13a6"]
django-background-tasks = ["35a9a54961f3e4486ab2f9482d1e8ac63ab4f47e5e0b7e654a22f7002299ffae"]
django-bootstrap4 = ["9f115534ae8d052d397201f3d716c10d7c9832b422e44dd7382418c6f274df18"]
django-compat = ["3ac9a3bedc56b9365d9eb241bc5157d0c193769bf995f9a78dc1bc24e7c2331b"]
django-compressor = ["7732676cfb9d58498dfb522b036f75f3f253f72ea1345ac036434fdc418c2e57", "9616570e5b08e92fa9eadc7a1b1b49639cce07ef392fc27c74230ab08075b30f"]
django-configurations = ["71d9acdff33aa034f0157b0b3d23629fe0cd499bf4d0b6d699b9ca0701d952e8", "e70433eeed10549d30bf5ca386c962505ff9f492893dd2483c52af536347adce"]
django-debug-toolbar = ["89d75b60c65db363fb24688d977e5fbf0e73386c67acf562d278402a10fc3736", "c2b0134119a624f4ac9398b44f8e28a01c7686ac350a12a74793f3dd57a9eea0"]
django-extensions = ["109004f80b6f45ad1f56addaa59debca91d94aa0dc1cb19678b9364b4fe9b6f4", "307766e5e6c1caffe76c5d99239d8115d14ae3f7cab2cd991fcffd763dad904b"]
django-libsass = ["49db3334b87e1f7955c4f9fb9945bc296f8bfd27a14d6d89706e4b0e5dc5de1c"]
django-livereload-server = ["6c8da1cb356d9a7fd044d0a50342574aad168522d5d8d25bbdc4ddd9fd196eab"]
django-webpack-loader = ["60bab6b9a037a5346fad12d2a70a6bc046afb33154cf75ed640b93d3ebd5f520", "970b968c2a8975fb7eff56a3bab5d0d90d396740852d1e0c50c5cfe2b824199a"]
djangorestframework = ["8a435df9007c8b7d8e69a21ef06650e3c0cbe0d4b09e55dd1bd74c89a75a9fcd", "f7a266260d656e1cf4ca54d7a7349609dc8af4fe2590edd0ecd7d7643ea94a17"]
docopt = ["49b3a825280bd66b3aa83585ef59c4a8c82f2c8a522dbe754a8bc8d08c85c491"]
entrypoints = ["589f874b313739ad35be6e0cd7efde2a4e9b6fea91edcc34e58ecbb8dbe56d19", "c70dd71abe5a8c85e55e12c19bd91ccfeec11a6e99044204511f9ed547d48451"]
eradicate = ["4ffda82aae6fd49dfffa777a857cb758d77502a1f2e0f54c9ac5155a39d2d01a"]
feedparser = ["bd030652c2d08532c034c27fcd7c85868e7fa3cb2b17f230a44a6bbc92519bf9", "cd2485472e41471632ed3029d44033ee420ad0b57111db95c240c9160a85831c", "ce875495c90ebd74b179855449040003a1beb40cd13d5f037a0654251e260b02"]
flake8 = ["859996073f341f2670741b51ec1e67a01da142831aa1fdc6242dbf88dffbe661", "a796a115208f5c03b18f332f7c11729812c8c3ded6c46319c59b53efd3819da8"]
flake8-bugbear = ["5070774b668be92c4312e5ca82748ddf4ecaa7a24ff062662681bb745c7896eb", "fef9c9826d14ec23187ae1edeb3c6513c4e46bf0e70d86bac38f7d9aabae113d"]
flake8-eradicate = ["0953cd3bcae4bfd04d45075234e0b5fd465ff50ecc56cdcaf0027da751632127", "c762fbb5c3e3694c9ba656d38477b2dcca6599b8baeee4984d05d655591a6f83"]
flake8-formatter-junit-xml = ["1ddd9356bb30ba736c3f14c769c837cfacf4f79c3d383ab963ef9d38eea05a9c", "6358a44ecafdf0f9c8ee5314859b8d6f553dc2e55e946a24c538185e1eba7ce6"]
html5lib = ["20b159aa3badc9d5ee8f5c647e5efd02ed2a66ab8d354930bd9ff139fc1dc0a3", "66cb0dcfdbbc4f9c3ba1a63fdb511ffdbd4f513b2b6d81b80cd26ce6b3fb3736"]
idna = ["c357b3f628cf53ae2c4c05627ecc484553142ca23264e593d327bcde5e9c3407", "ea8b7f6188e6fa117537c3df7da9fc686d485087abf6ac197f9c46432f7e4a3c"]
junit-xml = ["602f1c480a19d64edb452bf7632f76b5f2cb92c1938c6e071dcda8ff9541dc21"]
langcodes = ["22cff103b6c0f3c9907d9a51c2d634177a50a189672ad16d959a3e2cd48eadab"]
libsass = ["2ae3b061a7d250fb47e5fdad1a8191600ca15dc604e76b109b6d3bf8e08fd2ed", "2ee186aa682a035a53c557b7e61ce562a1114f1a1a992d0ba962cbc3e82c490c", "366f4fd5a5eab4a519beb583e9fa78718cf2c0f40e92ed835d7ed23b82e5d954", "5511b3c62e8d97daf929c63bd516b794f0a06acd09dd261445d864e48290551b", "7462da168c8fb997b31cb4dc3ee5adb9af2d106f7b92c2d57a1c68a56ae5a3a0", "84a16ec5cf7842ff5bc2caed2c032ed624d587699797bc2a4d4a8e41f579b6e7", "8fc0360ee99224f7a3cb09987e641171d34180759f467ba3d15934102ade396f", "a6c5535a21a07d769151453270bc6a8373b821d1d2fd9810d84fccfe315ab188", "b375bfbf3c86ec0f4a27f266b44b2753a4b8cab7e73649eed7afcad84bc56257", "b548af46c1a606aed93da2566901146005d6065f73fefc63d256ba62ba1f803d", "bb30fc7125350c64925a98cb90da7979f76bb0ea1a0157e8aeb268f8da38e296", "c2f386677514f9fc758631328bd318dd3e9d839ad7b6e248ec4535a191bfd271", "d1f301637ad5768aecc81d17dcf40a68f2e11b7ca8b427dbb9f8972c150d303e", "e0cf54dddf2cc6e373005bed6e46ccdce1f3a77bd169ab505c3a8ad9023eee5f", "e8941881063691d50f9cc8b8d6d8fd7bec86a8c461b2a4fc87188a5fc44d6ba4", "f4b29b0c70d753c754a58aaad7c31ad3309ca4a26f9aa64e695157251f6832ad"]
marisa-trie = ["4419abb6b603c97e863fad994abe57ed247fb12491f4bbacb2d762bd2e8958b6", "c73bc25d868e8c4ea7aa7f1e19892db07bba2463351269b05340ccfa06eb2baf"]
markdown = ["fc4a6f69a656b8d858d7503bda633f4dd63c2d70cf80abdc6eafa64c4ae8c250", "fe463ff51e679377e3624984c829022e2cfb3be5518726b06f608a07a3aad680"]
mccabe = ["ab8a6258860da4b6677da4bd2fe5dc2c659cff31b3ee4f7f5d64e79735b80d42", "dd8d182285a0fe56bace7f45b5e7d1a6ebcbf524e8f3bd87eb0f125271b8831f"]
more-itertools = ["2112d2ca570bb7c3e53ea1a35cd5df42bb0fd10c45f0fb97178679c3c03d64c7", "c3e4748ba1aad8dba30a4886b0b1a2004f9a863837b8654e7059eebf727afa5a"]
multidict = ["024b8129695a952ebd93373e45b5d341dbb87c17ce49637b34000093f243dd4f", "041e9442b11409be5e4fc8b6a97e4bcead758ab1e11768d1e69160bdde18acc3", "045b4dd0e5f6121e6f314d81759abd2c257db4634260abcfe0d3f7083c4908ef", "047c0a04e382ef8bd74b0de01407e8d8632d7d1b4db6f2561106af812a68741b", "068167c2d7bbeebd359665ac4fff756be5ffac9cda02375b5c5a7c4777038e73", "148ff60e0fffa2f5fad2eb25aae7bef23d8f3b8bdaf947a65cdbe84a978092bc", "1d1c77013a259971a72ddaa83b9f42c80a93ff12df6a4723be99d858fa30bee3", "1d48bc124a6b7a55006d97917f695effa9725d05abe8ee78fd60d6588b8344cd", "31dfa2fc323097f8ad7acd41aa38d7c614dd1960ac6681745b6da124093dc351", "34f82db7f80c49f38b032c5abb605c458bac997a6c3142e0d6c130be6fb2b941", "3d5dd8e5998fb4ace04789d1d008e2bb532de501218519d70bb672c4c5a2fc5d", "4a6ae52bd3ee41ee0f3acf4c60ceb3f44e0e3bc52ab7da1c2b2aa6703363a3d1", "4b02a3b2a2f01d0490dd39321c74273fed0568568ea0e7ea23e02bd1fb10a10b", "4b843f8e1dd6a3195679d9838eb4670222e8b8d01bc36c9894d6c3538316fa0a", "5de53a28f40ef3c4fd57aeab6b590c2c663de87a5af76136ced519923d3efbb3", "61b2b33ede821b94fa99ce0b09c9ece049c7067a33b279f343adfe35108a4ea7", "6a3a9b0f45fd75dc05d8e93dc21b18fc1670135ec9544d1ad4acbcf6b86781d0", "76ad8e4c69dadbb31bad17c16baee61c0d1a4a73bed2590b741b2e1a46d3edd0", "7ba19b777dc00194d1b473180d4ca89a054dd18de27d0ee2e42a103ec9b7d014", "7c1b7eab7a49aa96f3db1f716f0113a8a2e93c7375dd3d5d21c4941f1405c9c5", "7fc0eee3046041387cbace9314926aa48b681202f8897f8bff3809967a049036", "8ccd1c5fff1aa1427100ce188557fc31f1e0a383ad8ec42c559aabd4ff08802d", "8e08dd76de80539d613654915a2f5196dbccc67448df291e69a88712ea21e24a", "c18498c50c59263841862ea0501da9f2b3659c00db54abfbf823a80787fde8ce", "c49db89d602c24928e68c0d510f4fcf8989d77defd01c973d6cbe27e684833b1", "ce20044d0317649ddbb4e54dab3c1bcc7483c78c27d3f58ab3d0c7e6bc60d26a", "d1071414dd06ca2eafa90c85a079169bfeb0e5f57fd0b45d44c092546fcd6fd9", "d3be11ac43ab1a3e979dac80843b42226d5d3cccd3986f2e03152720a4297cd7", "db603a1c235d110c860d5f39988ebc8218ee028f07a7cbc056ba6424372ca31b"]
mysqlclient = ["425e733b05e359a714d6007c0fc44582be66b63e5a3df0a50949274ae16f4bc6", "62e4770b6a797b9416bcf70488365b7d6b9c9066878108499c559293bb464380", "f257d250f2675d0ef99bd318906f3cfc05cef4a2f385ea695ff32a3f04b9f9a7"]
pathtools = ["7c35c5421a39bb82e58018febd90e3b6e5db34c5443aaaf742b3f33d4655f1c0"]
pillow = ["0683e80d81e840d401b687ebc00a02bbb23d0793c34d0852a5af64cfa1589540", "09c4e81c3277199898e8dc2d85d94febad87c41251ecbd447ba7d64d94765bd8", "0ee74a23022af9baf997e3016b4e090e4ff08688d37a6f49010338ab46cfe101", "10860baedfe5da7c43cd17835b091494dcc59dda5ad176a011713fe398ea6ac2", "15c056bfa284c30a7f265a41ac4cbbc93bdbfc0dfe0613b9cb8a8581b51a9e55", "1a4e06ba4f74494ea0c58c24de2bb752818e9d504474ec95b0aa94f6b0a7e479", "1c3c707c76be43c9e99cb7e3d5f1bee1c8e5be8b8a2a5eeee665efbf8ddde91a", "1fd0b290203e3b0882d9605d807b03c0f47e3440f97824586c173eca0aadd99d", "24114e4a6e1870c5a24b1da8f60d0ba77a0b4027907860188ea82bd3508c80eb", "258d886a49b6b058cd7abb0ab4b2b85ce78669a857398e83e8b8e28b317b5abb", "2734c55f7d054b0ad889c971136cbb0a5b35a921e27beaa44fdc2436af529c6e", "2ac36ec56727a95bd5a04dfca6abce1db8042c31ee73b65796a42f31fd52d009", "2bc1002b573d107c0b172a5da0f34b4900b2ddc6c3296b82d601e966d5ac1959", "33c79b6dd6bc7f65079ab9ca5bebffb5f5d1141c689c9c6a7855776d1b09b7e8", "367385fc797b2c31564c427430c7a8630db1a00bd040555dfc1d5c52e39fcd72", "3c1884ff078fb8bf5f63d7d86921838b82ed4a7d0c027add773c2f38b3168754", "44e5240e8f4f8861d748f2a58b3f04daadab5e22bfec896bf5434745f788f33f", "46aa988e15f3ea72dddd81afe3839437b755fffddb5e173886f11460be909dce", "492e1e4df823b57f9334f591c78a1e0e65a361e92594534e0568eeeeea56bbba", "50fb9e25d25cfcb50b2e6842c4e104e4f0b424be4624e1724532bf005c67589a", "5ceadd60dbd1e56ab7faffbfee1df5ecb83c3f0420e47f652cd5306d70eb0296", "74d90d499c9c736d52dd6d9b7221af5665b9c04f1767e35f5dd8694324bd4601", "7eeac51fc37e6b19631a4b8e38b8261a074efcf7cc27fc16a6bee4697af7aaa5", "809c0a2ce9032cbcd7b5313f71af4bdc5c8c771cb86eb7559afd954cab82ebb5", "85d1ef2cdafd5507c4221d201aaf62fc9276f8b0f71bd3933363e62a33abc734", "8c3889c7681af77ecfa4431cd42a2885d093ecb811e81fbe5e203abc07e0995b", "9218d81b9fca98d2c47d35d688a0cea0c42fd473159dfd5612dcb0483c63e40b", "9319215530e236822169cbe92426cdc18d16b88c943fdf365a6309a89876e335", "96ec275c83bf839972d6a7dd7d685fdfb6a3233c3c382ecff839d04e7d53955d", "9aa4f3827992288edd37c9df345783a69ef58bd20cc02e64b36e44bcd157bbf1", "9d80f44137a70b6f84c750d11019a3419f409c944526a95219bea0ac31f4dd91", "b7ebd36128a2fe93991293f997e44be9286503c7530ace6a55b938b20be288d8", "c30857e1fbf7d4a4b79d7d376eefaf293ea4307b8293d00a62e6f517f51bfe9b", "c4c78e2c71c257c136cdd43869fd3d5e34fc2162dc22e4a5406b0ebe86958239", "c5472ea3945e8f9eb0659f37fc1f592fd06f4f725f0f03774a8999ad8c130334", "c6a842537f887be1fe115d8abb5daa9bc8cc124e455ff995830cc785624a97af", "cf0a2e040fdf5a6d95f4c286c6ef1df6b36c218b528c8a9158ec2452a804b9b8", "cfd28aad6fc61f7a5d4ee556a997dc6e5555d9381d1390c00ecaf984d57e4232", "d0fd1ec2e7c3e0aeaae999efe83f5d0f42c1160a1f8be5120d40857d20baa452", "dca5660e25932771460d4688ccbb515677caaf8595f3f3240ec16c117deff89a", "de7aedc85918c2f887886442e50f52c1b93545606317956d65f342bd81cb4fc3", "e6c0bbf8e277b74196e3140c35f9a1ae3eafd818f7f2d3a15819c49135d6c062"]
pluggy = ["19ecf9ce9db2fce065a7a0586e07cfb4ac8614fe96edf628a264b1c70116cf8f", "84d306a647cc805219916e62aab89caa97a33a1dd8c342e87a37f91073cd4746"]
psycopg2-binary = ["007ca0df127b1862fc010125bc4100b7a630efc6841047bd11afceadb4754611", "03c49e02adf0b4d68f422fdbd98f7a7c547beb27e99a75ed02298f85cb48406a", "0a1232cdd314e08848825edda06600455ad2a7adaa463ebfb12ece2d09f3370e", "131c80d0958c89273d9720b9adf9df1d7600bb3120e16019a7389ab15b079af5", "2de34cc3b775724623f86617d2601308083176a495f5b2efc2bbb0da154f483a", "2eddc31500f73544a2a54123d4c4b249c3c711d31e64deddb0890982ea37397a", "484f6c62bdc166ee0e5be3aa831120423bf399786d1f3b0304526c86180fbc0b", "4c2d9369ed40b4a44a8ccd6bc3a7db6272b8314812d2d1091f95c4c836d92e06", "70f570b5fa44413b9f30dbc053d17ef3ce6a4100147a10822f8662e58d473656", "7a2b5b095f3bd733aab101c89c0e1a3f0dfb4ebdc26f6374805c086ffe29d5b2", "804914a669186e2843c1f7fbe12b55aad1b36d40a28274abe6027deffad9433d", "8520c03172da18345d012949a53617a963e0191ccb3c666f23276d5326af27b5", "90da901fc33ea393fc644607e4a3916b509387e9339ec6ebc7bfded45b7a0ae9", "a582416ad123291a82c300d1d872bdc4136d69ad0b41d57dc5ca3df7ef8e3088", "ac8c5e20309f4989c296d62cac20ee456b69c41fd1bc03829e27de23b6fa9dd0", "b2cf82f55a619879f8557fdaae5cec7a294fac815e0087c4f67026fdf5259844", "b59d6f8cfca2983d8fdbe457bf95d2192f7b7efdb2b483bf5fa4e8981b04e8b2", "be08168197021d669b9964bd87628fa88f910b1be31e7010901070f2540c05fd", "be0f952f1c365061041bad16e27e224e29615d4eb1fb5b7e7760a1d3d12b90b6", "c1c9a33e46d7c12b9c96cf2d4349d783e3127163fd96254dcd44663cf0a1d438", "d18c89957ac57dd2a2724ecfe9a759912d776f96ecabba23acb9ecbf5c731035", "d7e7b0ff21f39433c50397e60bf0995d078802c591ca3b8d99857ea18a7496ee", "da0929b2bf0d1f365345e5eb940d8713c1d516312e010135b14402e2a3d2404d", "de24a4962e361c512d3e528ded6c7480eab24c655b8ca1f0b761d3b3650d2f07", "e45f93ff3f7dae2202248cf413a87aeb330821bf76998b3cf374eda2fc893dd7", "f046aeae1f7a845041b8661bb7a52449202b6c5d3fb59eb4724e7ca088811904", "f1dc2b7b2748084b890f5d05b65a47cd03188824890e9a60818721fd492249fb", "fcbe7cf3a786572b73d2cd5f34ed452a5f5fac47c9c9d1e0642c457a148f9f88"]
py = ["64f65755aee5b381cea27766a3a147c3f15b9b6b9ac88676de66ba2ae36793fa", "dc639b046a6e2cff5bbe40194ad65936d6ba360b52b3c3fe1d08a82dd50b5e53"]
pycodestyle = ["95a2219d12372f05704562a14ec30bc76b05a5b297b21a5dfe3f6fac3491ae56", "e40a936c9a450ad81df37f549d676d127b1b66000a6c500caa2b085bc0ca976c"]
pyflakes = ["17dbeb2e3f4d772725c777fabc446d5634d1038f234e77343108ce445ea69ce0", "d976835886f8c5b31d47970ed689944a0262b5f3afa00a5a7b4dc81e5449f8a2"]
pytest = ["3773f4c235918987d51daf1db66d51c99fac654c81d6f2f709a046ab446d5e5d", "b7802283b70ca24d7119b32915efa7c409982f59913c1a6c0640aacf118b95f5"]
pytest-cov = ["2b097cde81a302e1047331b48cadacf23577e431b61e9c6f49a1170bbe3d3da6", "e00ea4fdde970725482f1f35630d12f074e121a23801aabf2ae154ec6bdd343a"]
pytest-django = ["30d773f1768e8f214a3106f1090e00300ce6edfcac8c55fd13b675fe1cbd1c85", "4d3283e774fe1d40630ee58bf34929b83875e4751b525eeb07a7506996eb42ee"]
pytest-mock = ["43ce4e9dd5074993e7c021bb1c22cbb5363e612a2b5a76bc6d956775b10758b7", "5bf5771b1db93beac965a7347dc81c675ec4090cb841e49d9d34637a25c30568"]
pytest-vcr = ["23ee51b75abbcc43d926272773aae4f39f93aceb75ed56852d0bf618f92e1896", "2f316e0539399bea0296e8b8401145c62b6f85e9066af7e57b6151481b0d6d9c"]
python-dateutil = ["7e6584c74aeed623791615e26efd690f29817a27c73085b78e4bad02493df2fb", "c89805f6f4d64db21ed966fda138f8a5ed7a4fdbc1a8ee329ce1b74e3c74da9e"]
pytz = ["303879e36b721603cc54604edcac9d20401bdbe31e1e4fdee5b9f98d5d31dfda", "d747dd3d23d77ef44c6a3526e274af6efeb0a6f1afd5a69ba4d5be4098c8e141"]
pyyaml = ["1adecc22f88d38052fb787d959f003811ca858b799590a5eaa70e63dca50308c", "436bc774ecf7c103814098159fbb84c2715d25980175292c648f2da143909f95", "460a5a4248763f6f37ea225d19d5c205677d8d525f6a83357ca622ed541830c2", "5a22a9c84653debfbf198d02fe592c176ea548cccce47553f35f466e15cf2fd4", "7a5d3f26b89d688db27822343dfa25c599627bc92093e788956372285c6298ad", "9372b04a02080752d9e6f990179a4ab840227c6e2ce15b95e1278456664cf2ba", "a5dcbebee834eaddf3fa7366316b880ff4062e4bcc9787b78c7fbb4a26ff2dd1", "aee5bab92a176e7cd034e57f46e9df9a9862a71f8f37cad167c6fc74c65f5b4e", "c51f642898c0bacd335fc119da60baae0824f2cde95b0330b56c0553439f0673", "c68ea4d3ba1705da1e0d85da6684ac657912679a649e8868bd850d2c299cce13", "e23d0cc5299223dcc37885dae624f382297717e459ea24053709675a976a3e19"]
rcssmin = ["ca87b695d3d7864157773a61263e5abb96006e9ff0e021eff90cbe0e1ba18270"]
requests = ["502a824f31acdacb3a35b6690b5fbf0bc41d63a24a45c4004352b0242707598e", "7bf2a778576d825600030a110f3c0e3e8edc51dfaafe1c146e39a2027784957b"]
rjsmin = ["dd9591aa73500b08b7db24367f8d32c6470021f39d5ab4e50c7c02e4401386f1"]
six = ["3350809f0555b11f552448330d0b52d5f24c91a322ea4a15ef22629740f3761c", "d16a0141ec1a18405cd4ce8b4613101da75da0e9a7aec5bdd4fa804d0e0eba73"]
soupsieve = ["6898e82ecb03772a0d82bd0d0a10c0d6dcc342f77e0701d0ec4a8271be465ece", "b20eff5e564529711544066d7dc0f7661df41232ae263619dede5059799cdfca"]
sqlparse = ["40afe6b8d4b1117e7dff5504d7a8ce07d9a1b15aeeade8a2d10f130a834f8177", "7c3dca29c022744e95b547e867cee89f4fce4373f3549ccd8797d8eb52cdb873"]
toml = ["229f81c57791a41d65e399fc06bf0848bab550a9dfd5ed66df18ce5f05e73d5c", "235682dd292d5899d361a811df37e04a8828a5b1da3115886b73cf81ebc9100e", "f1db651f9657708513243e61e6cc67d101a39bad662eaa9b5546f789338e07a3"]
tornado = ["1174dcb84d08887b55defb2cda1986faeeea715fff189ef3dc44cce99f5fca6b", "2613fab506bd2aedb3722c8c64c17f8f74f4070afed6eea17f20b2115e445aec", "44b82bc1146a24e5b9853d04c142576b4e8fa7a92f2e30bc364a85d1f75c4de2", "457fcbee4df737d2defc181b9073758d73f54a6cfc1f280533ff48831b39f4a8", "49603e1a6e24104961497ad0c07c799aec1caac7400a6762b687e74c8206677d", "8c2f40b99a8153893793559919a355d7b74649a11e59f411b0b0a1793e160bc0", "e1d897889c3b5a829426b7d52828fb37b28bc181cd598624e65c8be40ee3f7fa"]
urllib3 = ["4c291ca23bbb55c76518905869ef34bdd5f0e46af7afe6861e8375643ffee1a0", "9a247273df709c4fedb38c711e44292304f73f39ab01beda9f6b9fc375669ac3"]
vcrpy = ["127e79cf7b569d071d1bd761b83f7b62b2ce2a2eb63ceca7aa67cba8f2602ea3", "57be64aa8e9883a4117d0b15de28af62275c001abcdb00b6dc2d4406073d9a4f"]
watchdog = ["965f658d0732de3188211932aeb0bb457587f04f63ab4c1e33eab878e9de961d"]
webencodings = ["a0af1213f3c2226497a97e2b3aa01a7e4bee4f403f95be16fc9acd2947514a78", "b36a1c245f2d304965eb4e0a82848379241dc04b865afcc4aab16748587e1923"]
werkzeug = ["0a73e8bb2ff2feecfc5d56e6f458f5b99290ef34f565ffb2665801ff7de6af7a", "7fad9770a8778f9576693f0cc29c7dcc36964df916b83734f4431c0e612a7fbc"]
whitenoise = ["118ab3e5f815d380171b100b05b76de2a07612f422368a201a9ffdeefb2251c1", "42133ddd5229eeb6a0c9899496bdbe56c292394bf8666da77deeb27454c0456a"]
wrapt = ["4aea003270831cceb8a90ff27c4031da6ead7ec1886023b80ce0dfe0adf61533"]
yarl = ["024ecdc12bc02b321bc66b41327f930d1c2c543fa9a561b39861da9388ba7aa9", "2f3010703295fbe1aec51023740871e64bb9664c789cba5a6bdf404e93f7568f", "3890ab952d508523ef4881457c4099056546593fa05e93da84c7250516e632eb", "3e2724eb9af5dc41648e5bb304fcf4891adc33258c6e14e2a7414ea32541e320", "5badb97dd0abf26623a9982cd448ff12cb39b8e4c94032ccdedf22ce01a64842", "73f447d11b530d860ca1e6b582f947688286ad16ca42256413083d13f260b7a0", "7ab825726f2940c16d92aaec7d204cfc34ac26c0040da727cf8ba87255a33829", "b25de84a8c20540531526dfbb0e2d2b648c13fd5dd126728c496d7c3fea33310", "c6e341f5a6562af74ba55205dbd56d248daf1b5748ec48a0200ba227bb9e33f4", "c9bb7c249c4432cd47e75af3864bc02d26c9594f49c82e2a28624417f0ae63b8", "e060906c0c585565c718d1c3841747b61c5439af2211e185f6739a9412dfbde1"]
