[[package]]
category = "dev"
description = "Atomic file writes."
name = "atomicwrites"
optional = false
python-versions = ">=2.7, !=3.0.*, !=3.1.*, !=3.2.*, !=3.3.*"
version = "1.3.0"

[[package]]
category = "dev"
description = "Classes Without Boilerplate"
name = "attrs"
optional = false
python-versions = ">=2.7, !=3.0.*, !=3.1.*, !=3.2.*, !=3.3.*"
version = "19.1.0"

[package.extras]
dev = ["coverage", "hypothesis", "pympler", "pytest", "six", "zope.interface", "sphinx", "pre-commit"]
docs = ["sphinx", "zope.interface"]
tests = ["coverage", "hypothesis", "pympler", "pytest", "six", "zope.interface"]

[[package]]
category = "main"
description = "Screen-scraping library"
name = "beautifulsoup4"
optional = false
python-versions = "*"
version = "4.8.0"

[package.dependencies]
soupsieve = ">=1.2"

[package.extras]
html5lib = ["html5lib"]
lxml = ["lxml"]

[[package]]
category = "main"
description = "An easy safelist-based HTML-sanitizing tool."
name = "bleach"
optional = false
python-versions = ">=2.7, !=3.0.*, !=3.1.*, !=3.2.*, !=3.3.*"
version = "3.1.0"

[package.dependencies]
six = ">=1.9.0"
webencodings = "*"

[[package]]
category = "main"
description = "Python package for providing Mozilla's CA Bundle."
name = "certifi"
optional = false
python-versions = "*"
version = "2019.6.16"

[[package]]
category = "main"
description = "Universal encoding detector for Python 2 and 3"
name = "chardet"
optional = false
python-versions = "*"
version = "3.0.4"

[[package]]
category = "dev"
description = "Cross-platform colored terminal text."
marker = "sys_platform == \"win32\""
name = "colorama"
optional = false
python-versions = ">=2.7, !=3.0.*, !=3.1.*, !=3.2.*, !=3.3.*"
version = "0.4.1"

[[package]]
category = "dev"
description = "Code coverage measurement for Python"
name = "coverage"
optional = false
python-versions = ">=2.6, !=3.0.*, !=3.1.*, !=3.2.*, <4"
version = "4.5.4"

[[package]]
category = "main"
description = "Use Database URLs in your Django Application."
name = "dj-database-url"
optional = false
python-versions = "*"
version = "0.5.0"

[[package]]
category = "main"
description = "A high-level Python Web framework that encourages rapid development and clean, pragmatic design."
name = "django"
optional = false
python-versions = ">=3.5"
version = "2.2.13"

[package.dependencies]
pytz = "*"
sqlparse = "*"

[package.extras]
argon2 = ["argon2-cffi (>=16.1.0)"]
bcrypt = ["bcrypt"]

[[package]]
category = "main"
description = "Generate generic activity streams from the actions on your site. Users can follow any actors' activities for personalized streams."
name = "django-activity-stream"
optional = false
python-versions = "*"
version = "0.8.0"

[[package]]
category = "main"
description = "Database backed asynchronous task queue"
name = "django-background-tasks"
optional = false
python-versions = "*"
version = "1.2.0"

[package.dependencies]
django-compat = ">=1.0.13"
six = "*"

[[package]]
category = "main"
description = "For- and backwards compatibility layer for Django 1.4, 1.7, 1.8, 1.9, 1.10, and 1.11"
name = "django-compat"
optional = false
python-versions = "*"
version = "1.0.15"

[package.dependencies]
six = ">=1.10.0"

[[package]]
category = "main"
description = "A helper for organizing Django settings."
name = "django-configurations"
optional = false
python-versions = "*"
version = "2.1"

[[package]]
category = "dev"
description = "A configurable set of panels that display various debug information about the current request/response."
name = "django-debug-toolbar"
optional = false
python-versions = ">=2.7, !=3.0.*, !=3.1.*, !=3.2.*, !=3.3.*"
version = "1.11"

[package.dependencies]
Django = ">=1.11"
sqlparse = ">=0.2.0"

[[package]]
category = "dev"
description = "Extensions for Django"
name = "django-extensions"
optional = false
python-versions = "*"
version = "2.2.1"

[package.dependencies]
six = ">=1.2"

[[package]]
category = "main"
description = "Web APIs for Django, made easy."
name = "djangorestframework"
optional = false
python-versions = ">=3.5"
version = "3.10.2"

[[package]]
category = "main"
description = "A minimal JSON Web Token authentication plugin for Django REST Framework"
name = "djangorestframework-simplejwt"
optional = false
python-versions = ">=3.5,<4"
version = "4.3.0"

[package.dependencies]
django = "*"
djangorestframework = "*"
pyjwt = "*"

[package.extras]
dev = ["bumpversion (>=0.5.3,<1)", "pytest-watch", "wheel", "twine", "ipython", "cryptography", "pytest-cov", "pytest-django", "pytest-xdist", "pytest", "tox", "flake8", "pep8", "isort", "Sphinx (>=1.6.5,<2)", "sphinx-rtd-theme (>=0.1.9)", "python-jose (3.0.0)"]
doc = ["Sphinx (>=1.6.5,<2)", "sphinx-rtd-theme (>=0.1.9)"]
lint = ["flake8", "pep8", "isort"]
python-jose = ["python-jose (3.0.0)"]
test = ["cryptography", "pytest-cov", "pytest-django", "pytest-xdist", "pytest", "tox"]

[[package]]
category = "main"
description = "Universal feed parser, handles RSS 0.9x, RSS 1.0, RSS 2.0, CDF, Atom 0.3, and Atom 1.0 feeds"
name = "feedparser"
optional = false
python-versions = "*"
version = "5.2.1"

[[package]]
category = "main"
description = "HTML parser based on the WHATWG HTML specification"
name = "html5lib"
optional = false
python-versions = "*"
version = "1.0.1"

[package.dependencies]
six = ">=1.9"
webencodings = "*"

[package.extras]
all = ["genshi", "chardet (>=2.2)", "datrie", "lxml"]
chardet = ["chardet (>=2.2)"]
datrie = ["datrie"]
genshi = ["genshi"]
lxml = ["lxml"]

[[package]]
category = "main"
description = "Internationalized Domain Names in Applications (IDNA)"
name = "idna"
optional = false
python-versions = ">=2.7, !=3.0.*, !=3.1.*, !=3.2.*, !=3.3.*"
version = "2.8"

[[package]]
category = "dev"
description = "Read metadata from Python packages"
name = "importlib-metadata"
optional = false
python-versions = ">=2.7,!=3.0,!=3.1,!=3.2,!=3.3"
version = "0.19"

[package.dependencies]
zipp = ">=0.5"

[package.extras]
docs = ["sphinx", "rst.linker"]
testing = ["importlib-resources"]

[[package]]
category = "main"
description = "Python implementation of Markdown."
name = "markdown"
optional = false
python-versions = ">=2.7,!=3.0.*,!=3.1.*,!=3.2.*,!=3.3.*,!=3.4.*"
version = "3.1.1"

[package.dependencies]
setuptools = ">=36"

[package.extras]
testing = ["coverage", "pyyaml"]

[[package]]
category = "dev"
description = "More routines for operating on iterables, beyond itertools"
name = "more-itertools"
optional = false
python-versions = ">=3.4"
version = "7.2.0"

[[package]]
category = "dev"
description = "multidict implementation"
marker = "python_version >= \"3.5\""
name = "multidict"
optional = false
python-versions = ">=3.4.1"
version = "4.5.2"

[[package]]
category = "dev"
description = "Core utilities for Python packages"
name = "packaging"
optional = false
python-versions = ">=2.7, !=3.0.*, !=3.1.*, !=3.2.*, !=3.3.*"
version = "19.1"

[package.dependencies]
attrs = "*"
pyparsing = ">=2.0.2"
six = "*"

[[package]]
category = "main"
description = "Python Imaging Library (Fork)"
name = "pillow"
optional = false
python-versions = ">=2.7, !=3.0.*, !=3.1.*, !=3.2.*, !=3.3.*, !=3.4.*"
version = "6.2.2"

[[package]]
category = "dev"
description = "plugin and hook calling mechanisms for python"
name = "pluggy"
optional = false
python-versions = ">=2.7, !=3.0.*, !=3.1.*, !=3.2.*, !=3.3.*"
version = "0.12.0"

[package.dependencies]
importlib-metadata = ">=0.12"

[package.extras]
dev = ["pre-commit", "tox"]

[[package]]
category = "main"
description = "psycopg2 - Python-PostgreSQL Database Adapter"
name = "psycopg2"
optional = false
python-versions = ">=2.7,!=3.0.*,!=3.1.*,!=3.2.*,!=3.3.*"
version = "2.8.3"

[[package]]
category = "dev"
description = "library with cross-python path, ini-parsing, io, code, log facilities"
name = "py"
optional = false
python-versions = ">=2.7, !=3.0.*, !=3.1.*, !=3.2.*, !=3.3.*"
version = "1.8.0"

[[package]]
category = "main"
description = "JSON Web Token implementation in Python"
name = "pyjwt"
optional = false
python-versions = "*"
version = "1.7.1"

[package.extras]
crypto = ["cryptography (>=1.4)"]
flake8 = ["flake8", "flake8-import-order", "pep8-naming"]
test = ["pytest (>=4.0.1,<5.0.0)", "pytest-cov (>=2.6.0,<3.0.0)", "pytest-runner (>=4.2,<5.0.0)"]

[[package]]
category = "dev"
description = "Python parsing module"
name = "pyparsing"
optional = false
python-versions = ">=2.6, !=3.0.*, !=3.1.*, !=3.2.*"
version = "2.4.2"

[[package]]
category = "dev"
description = "pytest: simple powerful testing with Python"
name = "pytest"
optional = false
python-versions = ">=2.7, !=3.0.*, !=3.1.*, !=3.2.*, !=3.3.*"
version = "4.6.5"

[package.dependencies]
atomicwrites = ">=1.0"
attrs = ">=17.4.0"
colorama = "*"
importlib-metadata = ">=0.12"
packaging = "*"
pluggy = ">=0.12,<1.0"
py = ">=1.5.0"
six = ">=1.10.0"
wcwidth = "*"

[package.dependencies.more-itertools]
python = ">=2.8"
version = ">=4.0.0"

[package.extras]
testing = ["argcomplete", "hypothesis (>=3.56)", "nose", "requests", "mock"]

[[package]]
category = "dev"
description = "Pytest plugin for measuring coverage."
name = "pytest-cov"
optional = false
python-versions = ">=2.7, !=3.0.*, !=3.1.*, !=3.2.*, !=3.3.*"
version = "2.7.1"

[package.dependencies]
coverage = ">=4.4"
pytest = ">=3.6"

[package.extras]
testing = ["fields", "hunter", "process-tests (2.0.2)", "six", "virtualenv"]

[[package]]
category = "dev"
description = "A Django plugin for pytest."
name = "pytest-django"
optional = false
python-versions = ">=2.7, !=3.0.*, !=3.1.*, !=3.2.*, !=3.3.*"
version = "3.5.1"

[package.dependencies]
pytest = ">=3.6"

[package.extras]
docs = ["sphinx", "sphinx-rtd-theme"]
testing = ["django", "django-configurations (>=2.0)", "six"]

[[package]]
category = "dev"
description = "Thin-wrapper around the mock package for easier use with py.test"
name = "pytest-mock"
optional = false
python-versions = ">=2.7, !=3.0.*, !=3.1.*, !=3.2.*, !=3.3.*"
version = "1.10.4"

[package.dependencies]
pytest = ">=2.7"

[package.extras]
dev = ["pre-commit", "tox"]

[[package]]
category = "dev"
description = "Plugin for managing VCR.py cassettes"
name = "pytest-vcr"
optional = false
python-versions = "*"
version = "1.0.2"

[package.dependencies]
pytest = ">=3.6.0"
vcrpy = "*"

[[package]]
category = "main"
description = "Extensions to the standard Python datetime module"
name = "python-dateutil"
optional = false
python-versions = ">=2.7, !=3.0.*, !=3.1.*, !=3.2.*"
version = "2.8.0"

[package.dependencies]
six = ">=1.5"

[[package]]
category = "main"
description = "World timezone definitions, modern and historical"
name = "pytz"
optional = false
python-versions = "*"
version = "2019.2"

[[package]]
category = "dev"
description = "YAML parser and emitter for Python"
name = "pyyaml"
optional = false
python-versions = ">=2.7, !=3.0.*, !=3.1.*, !=3.2.*, !=3.3.*"
version = "5.1.2"

[[package]]
category = "main"
description = "Python HTTP for Humans."
name = "requests"
optional = false
python-versions = ">=2.7, !=3.0.*, !=3.1.*, !=3.2.*, !=3.3.*, !=3.4.*"
version = "2.22.0"

[package.dependencies]
certifi = ">=2017.4.17"
chardet = ">=3.0.2,<3.1.0"
idna = ">=2.5,<2.9"
urllib3 = ">=1.21.1,<1.25.0 || >1.25.0,<1.25.1 || >1.25.1,<1.26"

[package.extras]
security = ["pyOpenSSL (>=0.14)", "cryptography (>=1.3.4)", "idna (>=2.0.0)"]
socks = ["PySocks (>=1.5.6,<1.5.7 || >1.5.7)", "win-inet-pton"]

[[package]]
category = "main"
description = "Python 2 and 3 compatibility utilities"
name = "six"
optional = false
python-versions = ">=2.6, !=3.0.*, !=3.1.*"
version = "1.12.0"

[[package]]
category = "main"
description = "A modern CSS selector implementation for Beautiful Soup."
name = "soupsieve"
optional = false
python-versions = "*"
version = "1.9.3"

[[package]]
category = "main"
description = "Non-validating SQL parser"
name = "sqlparse"
optional = false
python-versions = ">=2.7, !=3.0.*, !=3.1.*, !=3.2.*, !=3.3.*"
version = "0.3.0"

[[package]]
category = "main"
description = "HTTP library with thread-safe connection pooling, file post, and more."
name = "urllib3"
optional = false
python-versions = ">=2.7, !=3.0.*, !=3.1.*, !=3.2.*, !=3.3.*, <4"
version = "1.25.3"

[package.extras]
brotli = ["brotlipy (>=0.6.0)"]
secure = ["pyOpenSSL (>=0.14)", "cryptography (>=1.3.4)", "idna (>=2.0.0)", "certifi", "ipaddress"]
socks = ["PySocks (>=1.5.6,<1.5.7 || >1.5.7,<2.0)"]

[[package]]
category = "dev"
description = "Automatically mock your HTTP interactions to simplify and speed up testing"
name = "vcrpy"
optional = false
python-versions = ">=2.7, !=3.0.*, !=3.1.*, !=3.2.*, !=3.3.*, !=3.4.*"
version = "2.1.0"

[package.dependencies]
PyYAML = "*"
six = ">=1.5"
wrapt = "*"

[package.dependencies.yarl]
python = ">=3.5"
version = "*"

[[package]]
category = "dev"
description = "Measures number of Terminal column cells of wide-character codes"
name = "wcwidth"
optional = false
python-versions = "*"
version = "0.1.7"

[[package]]
category = "main"
description = "Character encoding aliases for legacy web content"
name = "webencodings"
optional = false
python-versions = "*"
version = "0.5.1"

[[package]]
category = "dev"
description = "The comprehensive WSGI web application library."
name = "werkzeug"
optional = false
python-versions = ">=2.7, !=3.0.*, !=3.1.*, !=3.2.*, !=3.3.*"
version = "0.15.5"

[package.extras]
dev = ["pytest", "coverage", "tox", "sphinx", "pallets-sphinx-themes", "sphinx-issues"]
termcolor = ["termcolor"]
watchdog = ["watchdog"]

[[package]]
category = "main"
description = "Radically simplified static file serving for WSGI applications"
name = "whitenoise"
optional = false
python-versions = "*"
version = "4.1.3"

[package.extras]
brotli = ["brotli"]

[[package]]
category = "dev"
description = "Module for decorators, wrappers and monkey patching."
name = "wrapt"
optional = false
python-versions = "*"
version = "1.11.2"

[[package]]
category = "dev"
description = "Yet another URL library"
marker = "python_version >= \"3.5\""
name = "yarl"
optional = false
python-versions = ">=3.5.3"
version = "1.3.0"

[package.dependencies]
idna = ">=2.0"
multidict = ">=4.0"

[[package]]
category = "dev"
description = "Backport of pathlib-compatible object wrapper for zip files"
name = "zipp"
optional = false
python-versions = ">=2.7"
version = "0.6.0"

[package.dependencies]
more-itertools = "*"

[package.extras]
docs = ["sphinx", "jaraco.packaging (>=3.2)", "rst.linker (>=1.9)"]
testing = ["pathlib2", "contextlib2", "unittest2"]

[metadata]
content-hash = "291c1d7dc248006cfbf18c8a11506beb634591ab696a2a3224a425703c7c0078"
python-versions = "^3.7"

[metadata.files]
atomicwrites = [
    {file = "atomicwrites-1.3.0-py2.py3-none-any.whl", hash = "sha256:03472c30eb2c5d1ba9227e4c2ca66ab8287fbfbbda3888aa93dc2e28fc6811b4"},
    {file = "atomicwrites-1.3.0.tar.gz", hash = "sha256:75a9445bac02d8d058d5e1fe689654ba5a6556a1dfd8ce6ec55a0ed79866cfa6"},
]
attrs = [
    {file = "attrs-19.1.0-py2.py3-none-any.whl", hash = "sha256:69c0dbf2ed392de1cb5ec704444b08a5ef81680a61cb899dc08127123af36a79"},
    {file = "attrs-19.1.0.tar.gz", hash = "sha256:f0b870f674851ecbfbbbd364d6b5cbdff9dcedbc7f3f5e18a6891057f21fe399"},
]
beautifulsoup4 = [
    {file = "beautifulsoup4-4.8.0-py2-none-any.whl", hash = "sha256:05668158c7b85b791c5abde53e50265e16f98ad601c402ba44d70f96c4159612"},
    {file = "beautifulsoup4-4.8.0-py3-none-any.whl", hash = "sha256:f040590be10520f2ea4c2ae8c3dae441c7cfff5308ec9d58a0ec0c1b8f81d469"},
    {file = "beautifulsoup4-4.8.0.tar.gz", hash = "sha256:25288c9e176f354bf277c0a10aa96c782a6a18a17122dba2e8cec4a97e03343b"},
]
bleach = [
    {file = "bleach-3.1.0-py2.py3-none-any.whl", hash = "sha256:213336e49e102af26d9cde77dd2d0397afabc5a6bf2fed985dc35b5d1e285a16"},
    {file = "bleach-3.1.0-py3.8.egg", hash = "sha256:4ca3ec10244c9f11ec129b054912e8bc9ecefc2e0b6bf0dab273f0e72cf381e4"},
    {file = "bleach-3.1.0.tar.gz", hash = "sha256:3fdf7f77adcf649c9911387df51254b813185e32b2c6619f690b593a617e19fa"},
]
certifi = [
    {file = "certifi-2019.6.16-py2.py3-none-any.whl", hash = "sha256:046832c04d4e752f37383b628bc601a7ea7211496b4638f6514d0e5b9acc4939"},
    {file = "certifi-2019.6.16.tar.gz", hash = "sha256:945e3ba63a0b9f577b1395204e13c3a231f9bc0223888be653286534e5873695"},
]
chardet = [
    {file = "chardet-3.0.4-py2.py3-none-any.whl", hash = "sha256:fc323ffcaeaed0e0a02bf4d117757b98aed530d9ed4531e3e15460124c106691"},
    {file = "chardet-3.0.4.tar.gz", hash = "sha256:84ab92ed1c4d4f16916e05906b6b75a6c0fb5db821cc65e70cbd64a3e2a5eaae"},
]
colorama = [
    {file = "colorama-0.4.1-py2.py3-none-any.whl", hash = "sha256:f8ac84de7840f5b9c4e3347b3c1eaa50f7e49c2b07596221daec5edaabbd7c48"},
    {file = "colorama-0.4.1.tar.gz", hash = "sha256:05eed71e2e327246ad6b38c540c4a3117230b19679b875190486ddd2d721422d"},
]
coverage = [
    {file = "coverage-4.5.4-cp26-cp26m-macosx_10_12_x86_64.whl", hash = "sha256:eee64c616adeff7db37cc37da4180a3a5b6177f5c46b187894e633f088fb5b28"},
    {file = "coverage-4.5.4-cp27-cp27m-macosx_10_12_x86_64.whl", hash = "sha256:ef824cad1f980d27f26166f86856efe11eff9912c4fed97d3804820d43fa550c"},
    {file = "coverage-4.5.4-cp27-cp27m-macosx_10_13_intel.whl", hash = "sha256:9a334d6c83dfeadae576b4d633a71620d40d1c379129d587faa42ee3e2a85cce"},
    {file = "coverage-4.5.4-cp27-cp27m-manylinux1_i686.whl", hash = "sha256:7494b0b0274c5072bddbfd5b4a6c6f18fbbe1ab1d22a41e99cd2d00c8f96ecfe"},
    {file = "coverage-4.5.4-cp27-cp27m-manylinux1_x86_64.whl", hash = "sha256:826f32b9547c8091679ff292a82aca9c7b9650f9fda3e2ca6bf2ac905b7ce888"},
    {file = "coverage-4.5.4-cp27-cp27m-win32.whl", hash = "sha256:63a9a5fc43b58735f65ed63d2cf43508f462dc49857da70b8980ad78d41d52fc"},
    {file = "coverage-4.5.4-cp27-cp27m-win_amd64.whl", hash = "sha256:e2ede7c1d45e65e209d6093b762e98e8318ddeff95317d07a27a2140b80cfd24"},
    {file = "coverage-4.5.4-cp27-cp27mu-manylinux1_i686.whl", hash = "sha256:dd579709a87092c6dbee09d1b7cfa81831040705ffa12a1b248935274aee0437"},
    {file = "coverage-4.5.4-cp27-cp27mu-manylinux1_x86_64.whl", hash = "sha256:08907593569fe59baca0bf152c43f3863201efb6113ecb38ce7e97ce339805a6"},
    {file = "coverage-4.5.4-cp33-cp33m-macosx_10_10_x86_64.whl", hash = "sha256:6b62544bb68106e3f00b21c8930e83e584fdca005d4fffd29bb39fb3ffa03cb5"},
    {file = "coverage-4.5.4-cp34-cp34m-macosx_10_12_x86_64.whl", hash = "sha256:331cb5115673a20fb131dadd22f5bcaf7677ef758741312bee4937d71a14b2ef"},
    {file = "coverage-4.5.4-cp34-cp34m-manylinux1_i686.whl", hash = "sha256:bf1ef9eb901113a9805287e090452c05547578eaab1b62e4ad456fcc049a9b7e"},
    {file = "coverage-4.5.4-cp34-cp34m-manylinux1_x86_64.whl", hash = "sha256:386e2e4090f0bc5df274e720105c342263423e77ee8826002dcffe0c9533dbca"},
    {file = "coverage-4.5.4-cp34-cp34m-win32.whl", hash = "sha256:fa964bae817babece5aa2e8c1af841bebb6d0b9add8e637548809d040443fee0"},
    {file = "coverage-4.5.4-cp34-cp34m-win_amd64.whl", hash = "sha256:df6712284b2e44a065097846488f66840445eb987eb81b3cc6e4149e7b6982e1"},
    {file = "coverage-4.5.4-cp35-cp35m-macosx_10_12_x86_64.whl", hash = "sha256:efc89291bd5a08855829a3c522df16d856455297cf35ae827a37edac45f466a7"},
    {file = "coverage-4.5.4-cp35-cp35m-manylinux1_i686.whl", hash = "sha256:e4ef9c164eb55123c62411f5936b5c2e521b12356037b6e1c2617cef45523d47"},
    {file = "coverage-4.5.4-cp35-cp35m-manylinux1_x86_64.whl", hash = "sha256:ff37757e068ae606659c28c3bd0d923f9d29a85de79bf25b2b34b148473b5025"},
    {file = "coverage-4.5.4-cp35-cp35m-win32.whl", hash = "sha256:bf0a7aed7f5521c7ca67febd57db473af4762b9622254291fbcbb8cd0ba5e33e"},
    {file = "coverage-4.5.4-cp35-cp35m-win_amd64.whl", hash = "sha256:19e4df788a0581238e9390c85a7a09af39c7b539b29f25c89209e6c3e371270d"},
    {file = "coverage-4.5.4-cp36-cp36m-macosx_10_13_x86_64.whl", hash = "sha256:60851187677b24c6085248f0a0b9b98d49cba7ecc7ec60ba6b9d2e5574ac1ee9"},
    {file = "coverage-4.5.4-cp36-cp36m-manylinux1_i686.whl", hash = "sha256:245388cda02af78276b479f299bbf3783ef0a6a6273037d7c60dc73b8d8d7755"},
    {file = "coverage-4.5.4-cp36-cp36m-manylinux1_x86_64.whl", hash = "sha256:c0afd27bc0e307a1ffc04ca5ec010a290e49e3afbe841c5cafc5c5a80ecd81c9"},
    {file = "coverage-4.5.4-cp36-cp36m-win32.whl", hash = "sha256:6ba744056423ef8d450cf627289166da65903885272055fb4b5e113137cfa14f"},
    {file = "coverage-4.5.4-cp36-cp36m-win_amd64.whl", hash = "sha256:af7ed8a8aa6957aac47b4268631fa1df984643f07ef00acd374e456364b373f5"},
    {file = "coverage-4.5.4-cp37-cp37m-macosx_10_13_x86_64.whl", hash = "sha256:3a794ce50daee01c74a494919d5ebdc23d58873747fa0e288318728533a3e1ca"},
    {file = "coverage-4.5.4-cp37-cp37m-manylinux1_i686.whl", hash = "sha256:0be0f1ed45fc0c185cfd4ecc19a1d6532d72f86a2bac9de7e24541febad72650"},
    {file = "coverage-4.5.4-cp37-cp37m-manylinux1_x86_64.whl", hash = "sha256:eca2b7343524e7ba246cab8ff00cab47a2d6d54ada3b02772e908a45675722e2"},
    {file = "coverage-4.5.4-cp37-cp37m-win32.whl", hash = "sha256:93715dffbcd0678057f947f496484e906bf9509f5c1c38fc9ba3922893cda5f5"},
    {file = "coverage-4.5.4-cp37-cp37m-win_amd64.whl", hash = "sha256:23cc09ed395b03424d1ae30dcc292615c1372bfba7141eb85e11e50efaa6b351"},
    {file = "coverage-4.5.4-cp38-cp38-macosx_10_13_x86_64.whl", hash = "sha256:141f08ed3c4b1847015e2cd62ec06d35e67a3ac185c26f7635f4406b90afa9c5"},
    {file = "coverage-4.5.4.tar.gz", hash = "sha256:e07d9f1a23e9e93ab5c62902833bf3e4b1f65502927379148b6622686223125c"},
]
dj-database-url = [
    {file = "dj-database-url-0.5.0.tar.gz", hash = "sha256:4aeaeb1f573c74835b0686a2b46b85990571159ffc21aa57ecd4d1e1cb334163"},
    {file = "dj_database_url-0.5.0-py2.py3-none-any.whl", hash = "sha256:851785365761ebe4994a921b433062309eb882fedd318e1b0fcecc607ed02da9"},
]
django = [
    {file = "Django-2.2.13-py3-none-any.whl", hash = "sha256:e8fe3c2b2212dce6126becab7a693157f1a441a07b62ec994c046c76af5bb66d"},
    {file = "Django-2.2.13.tar.gz", hash = "sha256:84f370f6acedbe1f3c41e1a02de44ac206efda3355e427139ecb785b5f596d80"},
]
django-activity-stream = [
    {file = "django-activity-stream-0.8.0.tar.gz", hash = "sha256:ef07f7242f25dbf6e198b377632a72fdd0c06ce3cd1097c394d9b7052c943b4e"},
]
django-background-tasks = [
    {file = "django-background-tasks-1.2.0.tar.gz", hash = "sha256:35a9a54961f3e4486ab2f9482d1e8ac63ab4f47e5e0b7e654a22f7002299ffae"},
]
django-compat = [
    {file = "django-compat-1.0.15.tar.gz", hash = "sha256:3ac9a3bedc56b9365d9eb241bc5157d0c193769bf995f9a78dc1bc24e7c2331b"},
]
django-configurations = [
    {file = "django-configurations-2.1.tar.gz", hash = "sha256:71d9acdff33aa034f0157b0b3d23629fe0cd499bf4d0b6d699b9ca0701d952e8"},
    {file = "django_configurations-2.1-py2.py3-none-any.whl", hash = "sha256:e70433eeed10549d30bf5ca386c962505ff9f492893dd2483c52af536347adce"},
]
django-debug-toolbar = [
    {file = "django-debug-toolbar-1.11.tar.gz", hash = "sha256:89d75b60c65db363fb24688d977e5fbf0e73386c67acf562d278402a10fc3736"},
    {file = "django_debug_toolbar-1.11-py2.py3-none-any.whl", hash = "sha256:c2b0134119a624f4ac9398b44f8e28a01c7686ac350a12a74793f3dd57a9eea0"},
]
django-extensions = [
    {file = "django-extensions-2.2.1.tar.gz", hash = "sha256:4aafdb865104eaa5d681b9976b36c52c9d441be89b7d782e40808f1c5c0c8f93"},
    {file = "django_extensions-2.2.1-py2.py3-none-any.whl", hash = "sha256:8a2552fdeb222b23895ef52cdc28fc56efba976f6da07ca92937f6f5e626e345"},
]
djangorestframework = [
    {file = "djangorestframework-3.10.2-py3-none-any.whl", hash = "sha256:42979bd5441bb4d8fd69d0f385024a114c3cae7df0f110600b718751250f6929"},
    {file = "djangorestframework-3.10.2.tar.gz", hash = "sha256:aedb48010ebfab9651aaab1df5fd3b4848eb4182afc909852a2110c24f89a359"},
]
djangorestframework-simplejwt = [
    {file = "djangorestframework_simplejwt-4.3.0-py3-none-any.whl", hash = "sha256:4cb1a51bf9b098b983e1326a1cfc65fb0b3c5a2aa0fa43effdbf05dd6da5e8cb"},
    {file = "djangorestframework_simplejwt-4.3.0.tar.gz", hash = "sha256:d025211806622c53020aa4f66029f1f7305e38de6439116b4a842661fc02cf36"},
]
feedparser = [
    {file = "feedparser-5.2.1.tar.bz2", hash = "sha256:ce875495c90ebd74b179855449040003a1beb40cd13d5f037a0654251e260b02"},
    {file = "feedparser-5.2.1.tar.gz", hash = "sha256:bd030652c2d08532c034c27fcd7c85868e7fa3cb2b17f230a44a6bbc92519bf9"},
    {file = "feedparser-5.2.1.zip", hash = "sha256:cd2485472e41471632ed3029d44033ee420ad0b57111db95c240c9160a85831c"},
]
html5lib = [
    {file = "html5lib-1.0.1-py2.py3-none-any.whl", hash = "sha256:20b159aa3badc9d5ee8f5c647e5efd02ed2a66ab8d354930bd9ff139fc1dc0a3"},
    {file = "html5lib-1.0.1.tar.gz", hash = "sha256:66cb0dcfdbbc4f9c3ba1a63fdb511ffdbd4f513b2b6d81b80cd26ce6b3fb3736"},
]
idna = [
    {file = "idna-2.8-py2.py3-none-any.whl", hash = "sha256:ea8b7f6188e6fa117537c3df7da9fc686d485087abf6ac197f9c46432f7e4a3c"},
    {file = "idna-2.8.tar.gz", hash = "sha256:c357b3f628cf53ae2c4c05627ecc484553142ca23264e593d327bcde5e9c3407"},
]
importlib-metadata = [
    {file = "importlib_metadata-0.19-py2.py3-none-any.whl", hash = "sha256:80d2de76188eabfbfcf27e6a37342c2827801e59c4cc14b0371c56fed43820e3"},
    {file = "importlib_metadata-0.19.tar.gz", hash = "sha256:23d3d873e008a513952355379d93cbcab874c58f4f034ff657c7a87422fa64e8"},
]
markdown = [
    {file = "Markdown-3.1.1-py2.py3-none-any.whl", hash = "sha256:56a46ac655704b91e5b7e6326ce43d5ef72411376588afa1dd90e881b83c7e8c"},
    {file = "Markdown-3.1.1.tar.gz", hash = "sha256:2e50876bcdd74517e7b71f3e7a76102050edec255b3983403f1a63e7c8a41e7a"},
]
more-itertools = [
    {file = "more-itertools-7.2.0.tar.gz", hash = "sha256:409cd48d4db7052af495b09dec721011634af3753ae1ef92d2b32f73a745f832"},
    {file = "more_itertools-7.2.0-py3-none-any.whl", hash = "sha256:92b8c4b06dac4f0611c0729b2f2ede52b2e1bac1ab48f089c7ddc12e26bb60c4"},
]
multidict = [
    {file = "multidict-4.5.2-cp34-cp34m-macosx_10_12_intel.macosx_10_12_x86_64.macosx_10_13_intel.macosx_10_13_x86_64.whl", hash = "sha256:068167c2d7bbeebd359665ac4fff756be5ffac9cda02375b5c5a7c4777038e73"},
    {file = "multidict-4.5.2-cp34-cp34m-macosx_10_6_intel.macosx_10_6_x86_64.macosx_10_7_intel.macosx_10_7_x86_64.macosx_10_8_intel.macosx_10_8_x86_64.whl", hash = "sha256:7c1b7eab7a49aa96f3db1f716f0113a8a2e93c7375dd3d5d21c4941f1405c9c5"},
    {file = "multidict-4.5.2-cp34-cp34m-macosx_10_9_intel.macosx_10_9_x86_64.macosx_10_10_intel.macosx_10_10_x86_64.macosx_10_11_intel.macosx_10_11_x86_64.whl", hash = "sha256:8ccd1c5fff1aa1427100ce188557fc31f1e0a383ad8ec42c559aabd4ff08802d"},
    {file = "multidict-4.5.2-cp34-cp34m-manylinux1_i686.whl", hash = "sha256:6a3a9b0f45fd75dc05d8e93dc21b18fc1670135ec9544d1ad4acbcf6b86781d0"},
    {file = "multidict-4.5.2-cp34-cp34m-manylinux1_x86_64.whl", hash = "sha256:31dfa2fc323097f8ad7acd41aa38d7c614dd1960ac6681745b6da124093dc351"},
    {file = "multidict-4.5.2-cp34-cp34m-win32.whl", hash = "sha256:8e08dd76de80539d613654915a2f5196dbccc67448df291e69a88712ea21e24a"},
    {file = "multidict-4.5.2-cp34-cp34m-win_amd64.whl", hash = "sha256:d1071414dd06ca2eafa90c85a079169bfeb0e5f57fd0b45d44c092546fcd6fd9"},
    {file = "multidict-4.5.2-cp35-cp35m-macosx_10_12_intel.macosx_10_12_x86_64.macosx_10_13_intel.macosx_10_13_x86_64.whl", hash = "sha256:1d1c77013a259971a72ddaa83b9f42c80a93ff12df6a4723be99d858fa30bee3"},
    {file = "multidict-4.5.2-cp35-cp35m-macosx_10_6_intel.macosx_10_6_x86_64.macosx_10_7_intel.macosx_10_7_x86_64.macosx_10_8_intel.macosx_10_8_x86_64.whl", hash = "sha256:3d5dd8e5998fb4ace04789d1d008e2bb532de501218519d70bb672c4c5a2fc5d"},
    {file = "multidict-4.5.2-cp35-cp35m-macosx_10_9_intel.macosx_10_9_x86_64.macosx_10_10_intel.macosx_10_10_x86_64.macosx_10_11_intel.macosx_10_11_x86_64.whl", hash = "sha256:7fc0eee3046041387cbace9314926aa48b681202f8897f8bff3809967a049036"},
    {file = "multidict-4.5.2-cp35-cp35m-manylinux1_i686.whl", hash = "sha256:041e9442b11409be5e4fc8b6a97e4bcead758ab1e11768d1e69160bdde18acc3"},
    {file = "multidict-4.5.2-cp35-cp35m-manylinux1_x86_64.whl", hash = "sha256:c49db89d602c24928e68c0d510f4fcf8989d77defd01c973d6cbe27e684833b1"},
    {file = "multidict-4.5.2-cp35-cp35m-win32.whl", hash = "sha256:34f82db7f80c49f38b032c5abb605c458bac997a6c3142e0d6c130be6fb2b941"},
    {file = "multidict-4.5.2-cp35-cp35m-win_amd64.whl", hash = "sha256:5de53a28f40ef3c4fd57aeab6b590c2c663de87a5af76136ced519923d3efbb3"},
    {file = "multidict-4.5.2-cp36-cp36m-macosx_10_12_intel.macosx_10_12_x86_64.macosx_10_13_intel.macosx_10_13_x86_64.whl", hash = "sha256:db603a1c235d110c860d5f39988ebc8218ee028f07a7cbc056ba6424372ca31b"},
    {file = "multidict-4.5.2-cp36-cp36m-macosx_10_6_intel.macosx_10_6_x86_64.macosx_10_7_intel.macosx_10_7_x86_64.macosx_10_8_intel.macosx_10_8_x86_64.whl", hash = "sha256:ce20044d0317649ddbb4e54dab3c1bcc7483c78c27d3f58ab3d0c7e6bc60d26a"},
    {file = "multidict-4.5.2-cp36-cp36m-macosx_10_9_intel.macosx_10_9_x86_64.macosx_10_10_intel.macosx_10_10_x86_64.macosx_10_11_intel.macosx_10_11_x86_64.whl", hash = "sha256:4b843f8e1dd6a3195679d9838eb4670222e8b8d01bc36c9894d6c3538316fa0a"},
    {file = "multidict-4.5.2-cp36-cp36m-manylinux1_i686.whl", hash = "sha256:047c0a04e382ef8bd74b0de01407e8d8632d7d1b4db6f2561106af812a68741b"},
    {file = "multidict-4.5.2-cp36-cp36m-manylinux1_x86_64.whl", hash = "sha256:148ff60e0fffa2f5fad2eb25aae7bef23d8f3b8bdaf947a65cdbe84a978092bc"},
    {file = "multidict-4.5.2-cp36-cp36m-win32.whl", hash = "sha256:4b02a3b2a2f01d0490dd39321c74273fed0568568ea0e7ea23e02bd1fb10a10b"},
    {file = "multidict-4.5.2-cp36-cp36m-win_amd64.whl", hash = "sha256:d3be11ac43ab1a3e979dac80843b42226d5d3cccd3986f2e03152720a4297cd7"},
    {file = "multidict-4.5.2-cp37-cp37m-macosx_10_12_intel.macosx_10_12_x86_64.macosx_10_13_intel.macosx_10_13_x86_64.whl", hash = "sha256:1d48bc124a6b7a55006d97917f695effa9725d05abe8ee78fd60d6588b8344cd"},
    {file = "multidict-4.5.2-cp37-cp37m-macosx_10_6_intel.macosx_10_6_x86_64.macosx_10_7_intel.macosx_10_7_x86_64.macosx_10_8_intel.macosx_10_8_x86_64.whl", hash = "sha256:61b2b33ede821b94fa99ce0b09c9ece049c7067a33b279f343adfe35108a4ea7"},
    {file = "multidict-4.5.2-cp37-cp37m-macosx_10_9_intel.macosx_10_9_x86_64.macosx_10_10_intel.macosx_10_10_x86_64.macosx_10_11_intel.macosx_10_11_x86_64.whl", hash = "sha256:76ad8e4c69dadbb31bad17c16baee61c0d1a4a73bed2590b741b2e1a46d3edd0"},
    {file = "multidict-4.5.2-cp37-cp37m-manylinux1_i686.whl", hash = "sha256:7ba19b777dc00194d1b473180d4ca89a054dd18de27d0ee2e42a103ec9b7d014"},
    {file = "multidict-4.5.2-cp37-cp37m-manylinux1_x86_64.whl", hash = "sha256:c18498c50c59263841862ea0501da9f2b3659c00db54abfbf823a80787fde8ce"},
    {file = "multidict-4.5.2-cp37-cp37m-win32.whl", hash = "sha256:045b4dd0e5f6121e6f314d81759abd2c257db4634260abcfe0d3f7083c4908ef"},
    {file = "multidict-4.5.2-cp37-cp37m-win_amd64.whl", hash = "sha256:4a6ae52bd3ee41ee0f3acf4c60ceb3f44e0e3bc52ab7da1c2b2aa6703363a3d1"},
    {file = "multidict-4.5.2.tar.gz", hash = "sha256:024b8129695a952ebd93373e45b5d341dbb87c17ce49637b34000093f243dd4f"},
]
packaging = [
    {file = "packaging-19.1-py2.py3-none-any.whl", hash = "sha256:a7ac867b97fdc07ee80a8058fe4435ccd274ecc3b0ed61d852d7d53055528cf9"},
    {file = "packaging-19.1.tar.gz", hash = "sha256:c491ca87294da7cc01902edbe30a5bc6c4c28172b5138ab4e4aa1b9d7bfaeafe"},
]
pillow = [
    {file = "Pillow-6.2.2-cp27-cp27m-macosx_10_6_intel.whl", hash = "sha256:834dd023b7f987d6b700ad93dc818098d7eb046bd445e9992b3093c6f9d7a95f"},
    {file = "Pillow-6.2.2-cp27-cp27m-manylinux1_i686.whl", hash = "sha256:d3a98444a00b4643b22b0685dbf9e0ddcaf4ebfd4ea23f84f228adf5a0765bb2"},
    {file = "Pillow-6.2.2-cp27-cp27m-manylinux1_x86_64.whl", hash = "sha256:2b4a94be53dff02af90760c10a2e3634c3c7703410f38c98154d5ce71fe63d20"},
    {file = "Pillow-6.2.2-cp27-cp27m-win32.whl", hash = "sha256:87ef0eca169f7f0bc050b22f05c7e174a65c36d584428431e802c0165c5856ea"},
    {file = "Pillow-6.2.2-cp27-cp27m-win_amd64.whl", hash = "sha256:cbd5647097dc55e501f459dbac7f1d0402225636deeb9e0a98a8d2df649fc19d"},
    {file = "Pillow-6.2.2-cp27-cp27mu-manylinux1_i686.whl", hash = "sha256:4adc3302df4faf77c63ab3a83e1a3e34b94a6a992084f4aa1cb236d1deaf4b39"},
    {file = "Pillow-6.2.2-cp27-cp27mu-manylinux1_x86_64.whl", hash = "sha256:e3a797a079ce289e59dbd7eac9ca3bf682d52687f718686857281475b7ca8e6a"},
    {file = "Pillow-6.2.2-cp35-cp35m-macosx_10_6_intel.whl", hash = "sha256:bb7861e4618a0c06c40a2e509c1bea207eea5fd4320d486e314e00745a402ca5"},
    {file = "Pillow-6.2.2-cp35-cp35m-manylinux1_i686.whl", hash = "sha256:535e8e0e02c9f1fc2e307256149d6ee8ad3aa9a6e24144b7b6e6fb6126cb0e99"},
    {file = "Pillow-6.2.2-cp35-cp35m-manylinux1_x86_64.whl", hash = "sha256:bc149dab804291a18e1186536519e5e122a2ac1316cb80f506e855a500b1cdd4"},
    {file = "Pillow-6.2.2-cp35-cp35m-win32.whl", hash = "sha256:1a3bc8e1db5af40a81535a62a591fafdb30a8a1b319798ea8052aa65ef8f06d2"},
    {file = "Pillow-6.2.2-cp35-cp35m-win_amd64.whl", hash = "sha256:d6b4dc325170bee04ca8292bbd556c6f5398d52c6149ca881e67daf62215426f"},
    {file = "Pillow-6.2.2-cp36-cp36m-macosx_10_6_intel.whl", hash = "sha256:43ef1cff7ee57f9c8c8e6fa02a62eae9fa23a7e34418c7ce88c0e3fe09d1fb38"},
    {file = "Pillow-6.2.2-cp36-cp36m-manylinux1_i686.whl", hash = "sha256:900de1fdc93764be13f6b39dc0dd0207d9ff441d87ad7c6e97e49b81987dc0f3"},
    {file = "Pillow-6.2.2-cp36-cp36m-manylinux1_x86_64.whl", hash = "sha256:92b83b380f9181cacc994f4c983d95a9c8b00b50bf786c66d235716b526a3332"},
    {file = "Pillow-6.2.2-cp36-cp36m-win32.whl", hash = "sha256:00e0bbe9923adc5cc38a8da7d87d4ce16cde53b8d3bba8886cb928e84522d963"},
    {file = "Pillow-6.2.2-cp36-cp36m-win_amd64.whl", hash = "sha256:5ccfcb0a34ad9b77ad247c231edb781763198f405a5c8dc1b642449af821fb7f"},
    {file = "Pillow-6.2.2-cp37-cp37m-macosx_10_6_intel.whl", hash = "sha256:5dcbbaa3a24d091a64560d3c439a8962866a79a033d40eb1a75f1b3413bfc2bc"},
    {file = "Pillow-6.2.2-cp37-cp37m-manylinux1_i686.whl", hash = "sha256:6e2a7e74d1a626b817ecb7a28c433b471a395c010b2a1f511f976e9ea4363e64"},
    {file = "Pillow-6.2.2-cp37-cp37m-manylinux1_x86_64.whl", hash = "sha256:c424d35a5259be559b64490d0fd9e03fba81f1ce8e5b66e0a59de97547351d80"},
    {file = "Pillow-6.2.2-cp37-cp37m-win32.whl", hash = "sha256:aa4792ab056f51b49e7d59ce5733155e10a918baf8ce50f64405db23d5627fa2"},
    {file = "Pillow-6.2.2-cp37-cp37m-win_amd64.whl", hash = "sha256:0d5c99f80068f13231ac206bd9b2e80ea357f5cf9ae0fa97fab21e32d5b61065"},
    {file = "Pillow-6.2.2-cp38-cp38-macosx_10_9_x86_64.whl", hash = "sha256:03457e439d073770d88afdd90318382084732a5b98b0eb6f49454746dbaae701"},
    {file = "Pillow-6.2.2-cp38-cp38-manylinux1_i686.whl", hash = "sha256:ccf16fe444cc43800eeacd4f4769971200982200a71b1368f49410d0eb769543"},
    {file = "Pillow-6.2.2-cp38-cp38-manylinux1_x86_64.whl", hash = "sha256:b72c39585f1837d946bd1a829a4820ccf86e361f28cbf60f5d646f06318b61e2"},
    {file = "Pillow-6.2.2-cp38-cp38-win32.whl", hash = "sha256:3ba7d8f1d962780f86aa747fef0baf3211b80cb13310fff0c375da879c0656d4"},
    {file = "Pillow-6.2.2-cp38-cp38-win_amd64.whl", hash = "sha256:3e81485cec47c24f5fb27acb485a4fc97376b2b332ed633867dc68ac3077998c"},
    {file = "Pillow-6.2.2-pp273-pypy_73-win32.whl", hash = "sha256:aa1b0297e352007ec781a33f026afbb062a9a9895bb103c8f49af434b1666880"},
    {file = "Pillow-6.2.2-pp373-pypy36_pp73-win32.whl", hash = "sha256:82859575005408af81b3e9171ae326ff56a69af5439d3fc20e8cb76cd51c8246"},
    {file = "Pillow-6.2.2.tar.gz", hash = "sha256:db9ff0c251ed066d367f53b64827cc9e18ccea001b986d08c265e53625dab950"},
]
pluggy = [
    {file = "pluggy-0.12.0-py2.py3-none-any.whl", hash = "sha256:b9817417e95936bf75d85d3f8767f7df6cdde751fc40aed3bb3074cbcb77757c"},
    {file = "pluggy-0.12.0.tar.gz", hash = "sha256:0825a152ac059776623854c1543d65a4ad408eb3d33ee114dff91e57ec6ae6fc"},
]
psycopg2 = [
    {file = "psycopg2-2.8.3-cp27-cp27m-win32.whl", hash = "sha256:2315e7f104681d498ccf6fd70b0dba5bce65d60ac92171492bfe228e21dcc242"},
    {file = "psycopg2-2.8.3-cp27-cp27m-win_amd64.whl", hash = "sha256:4b5417dcd2999db0f5a891d54717cfaee33acc64f4772c4bc574d4ff95ed9d80"},
    {file = "psycopg2-2.8.3-cp34-cp34m-win32.whl", hash = "sha256:b1b8e41da09a0c3ef0b3d4bb72da0dde2abebe583c1e8462973233fd5ad0235f"},
    {file = "psycopg2-2.8.3-cp34-cp34m-win_amd64.whl", hash = "sha256:640113ddc943522aaf71294e3f2d24013b0edd659b7820621492c9ebd3a2fb0b"},
    {file = "psycopg2-2.8.3-cp35-cp35m-win32.whl", hash = "sha256:128d0fa910ada0157bba1cb74a9c5f92bb8a1dca77cf91a31eb274d1f889e001"},
    {file = "psycopg2-2.8.3-cp35-cp35m-win_amd64.whl", hash = "sha256:f0e6b697a975d9d3ccd04135316c947dd82d841067c7800ccf622a8717e98df1"},
    {file = "psycopg2-2.8.3-cp36-cp36m-win32.whl", hash = "sha256:8dceca81409898c870e011c71179454962dec152a1a6b86a347f4be74b16d864"},
    {file = "psycopg2-2.8.3-cp36-cp36m-win_amd64.whl", hash = "sha256:d3a27550a8185e53b244ad7e79e307594b92fede8617d80200a8cce1fba2c60f"},
    {file = "psycopg2-2.8.3-cp37-cp37m-win32.whl", hash = "sha256:227fd46cf9b7255f07687e5bde454d7d67ae39ca77e170097cdef8ebfc30c323"},
    {file = "psycopg2-2.8.3-cp37-cp37m-win_amd64.whl", hash = "sha256:cb407fccc12fc29dc331f2b934913405fa49b9b75af4f3a72d0f50f57ad2ca23"},
    {file = "psycopg2-2.8.3.tar.gz", hash = "sha256:897a6e838319b4bf648a574afb6cabcb17d0488f8c7195100d48d872419f4457"},
]
py = [
    {file = "py-1.8.0-py2.py3-none-any.whl", hash = "sha256:64f65755aee5b381cea27766a3a147c3f15b9b6b9ac88676de66ba2ae36793fa"},
    {file = "py-1.8.0.tar.gz", hash = "sha256:dc639b046a6e2cff5bbe40194ad65936d6ba360b52b3c3fe1d08a82dd50b5e53"},
]
pyjwt = [
    {file = "PyJWT-1.7.1-py2.py3-none-any.whl", hash = "sha256:5c6eca3c2940464d106b99ba83b00c6add741c9becaec087fb7ccdefea71350e"},
    {file = "PyJWT-1.7.1.tar.gz", hash = "sha256:8d59a976fb773f3e6a39c85636357c4f0e242707394cadadd9814f5cbaa20e96"},
]
pyparsing = [
    {file = "pyparsing-2.4.2-py2.py3-none-any.whl", hash = "sha256:d9338df12903bbf5d65a0e4e87c2161968b10d2e489652bb47001d82a9b028b4"},
    {file = "pyparsing-2.4.2.tar.gz", hash = "sha256:6f98a7b9397e206d78cc01df10131398f1c8b8510a2f4d97d9abd82e1aacdd80"},
]
pytest = [
    {file = "pytest-4.6.5-py2.py3-none-any.whl", hash = "sha256:d100a02770f665f5dcf7e3f08202db29857fee6d15f34c942be0a511f39814f0"},
    {file = "pytest-4.6.5.tar.gz", hash = "sha256:8fc39199bdda3d9d025d3b1f4eb99a192c20828030ea7c9a0d2840721de7d347"},
]
pytest-cov = [
    {file = "pytest-cov-2.7.1.tar.gz", hash = "sha256:e00ea4fdde970725482f1f35630d12f074e121a23801aabf2ae154ec6bdd343a"},
    {file = "pytest_cov-2.7.1-py2.py3-none-any.whl", hash = "sha256:2b097cde81a302e1047331b48cadacf23577e431b61e9c6f49a1170bbe3d3da6"},
]
pytest-django = [
    {file = "pytest-django-3.5.1.tar.gz", hash = "sha256:264fb4c506db5d48a6364c311a0b00b7b48a52715bad8839b2d8bee9b99ed6bb"},
    {file = "pytest_django-3.5.1-py2.py3-none-any.whl", hash = "sha256:4adfe5fb3ed47f0ba55506dd3daf688b1f74d5e69148c10ad2dd2f79f40c0d62"},
]
pytest-mock = [
    {file = "pytest-mock-1.10.4.tar.gz", hash = "sha256:5bf5771b1db93beac965a7347dc81c675ec4090cb841e49d9d34637a25c30568"},
    {file = "pytest_mock-1.10.4-py2.py3-none-any.whl", hash = "sha256:43ce4e9dd5074993e7c021bb1c22cbb5363e612a2b5a76bc6d956775b10758b7"},
]
pytest-vcr = [
    {file = "pytest-vcr-1.0.2.tar.gz", hash = "sha256:23ee51b75abbcc43d926272773aae4f39f93aceb75ed56852d0bf618f92e1896"},
    {file = "pytest_vcr-1.0.2-py2.py3-none-any.whl", hash = "sha256:2f316e0539399bea0296e8b8401145c62b6f85e9066af7e57b6151481b0d6d9c"},
]
python-dateutil = [
    {file = "python-dateutil-2.8.0.tar.gz", hash = "sha256:c89805f6f4d64db21ed966fda138f8a5ed7a4fdbc1a8ee329ce1b74e3c74da9e"},
    {file = "python_dateutil-2.8.0-py2.py3-none-any.whl", hash = "sha256:7e6584c74aeed623791615e26efd690f29817a27c73085b78e4bad02493df2fb"},
]
pytz = [
    {file = "pytz-2019.2-py2.py3-none-any.whl", hash = "sha256:c894d57500a4cd2d5c71114aaab77dbab5eabd9022308ce5ac9bb93a60a6f0c7"},
    {file = "pytz-2019.2.tar.gz", hash = "sha256:26c0b32e437e54a18161324a2fca3c4b9846b74a8dccddd843113109e1116b32"},
]
pyyaml = [
    {file = "PyYAML-5.1.2-cp27-cp27m-win32.whl", hash = "sha256:5124373960b0b3f4aa7df1707e63e9f109b5263eca5976c66e08b1c552d4eaf8"},
    {file = "PyYAML-5.1.2-cp27-cp27m-win_amd64.whl", hash = "sha256:f81025eddd0327c7d4cfe9b62cf33190e1e736cc6e97502b3ec425f574b3e7a8"},
    {file = "PyYAML-5.1.2-cp34-cp34m-win32.whl", hash = "sha256:0113bc0ec2ad727182326b61326afa3d1d8280ae1122493553fd6f4397f33df9"},
    {file = "PyYAML-5.1.2-cp34-cp34m-win_amd64.whl", hash = "sha256:5ca4f10adbddae56d824b2c09668e91219bb178a1eee1faa56af6f99f11bf696"},
    {file = "PyYAML-5.1.2-cp35-cp35m-win32.whl", hash = "sha256:bf47c0607522fdbca6c9e817a6e81b08491de50f3766a7a0e6a5be7905961b41"},
    {file = "PyYAML-5.1.2-cp35-cp35m-win_amd64.whl", hash = "sha256:87ae4c829bb25b9fe99cf71fbb2140c448f534e24c998cc60f39ae4f94396a73"},
    {file = "PyYAML-5.1.2-cp36-cp36m-win32.whl", hash = "sha256:9de9919becc9cc2ff03637872a440195ac4241c80536632fffeb6a1e25a74299"},
    {file = "PyYAML-5.1.2-cp36-cp36m-win_amd64.whl", hash = "sha256:a5a85b10e450c66b49f98846937e8cfca1db3127a9d5d1e31ca45c3d0bef4c5b"},
    {file = "PyYAML-5.1.2-cp37-cp37m-win32.whl", hash = "sha256:b0997827b4f6a7c286c01c5f60384d218dca4ed7d9efa945c3e1aa623d5709ae"},
    {file = "PyYAML-5.1.2-cp37-cp37m-win_amd64.whl", hash = "sha256:7907be34ffa3c5a32b60b95f4d95ea25361c951383a894fec31be7252b2b6f34"},
    {file = "PyYAML-5.1.2-cp38-cp38m-win32.whl", hash = "sha256:7ec9b2a4ed5cad025c2278a1e6a19c011c80a3caaac804fd2d329e9cc2c287c9"},
    {file = "PyYAML-5.1.2-cp38-cp38m-win_amd64.whl", hash = "sha256:b631ef96d3222e62861443cc89d6563ba3eeb816eeb96b2629345ab795e53681"},
    {file = "PyYAML-5.1.2.tar.gz", hash = "sha256:01adf0b6c6f61bd11af6e10ca52b7d4057dd0be0343eb9283c878cf3af56aee4"},
]
requests = [
    {file = "requests-2.22.0-py2.py3-none-any.whl", hash = "sha256:9cf5292fcd0f598c671cfc1e0d7d1a7f13bb8085e9a590f48c010551dc6c4b31"},
    {file = "requests-2.22.0.tar.gz", hash = "sha256:11e007a8a2aa0323f5a921e9e6a2d7e4e67d9877e85773fba9ba6419025cbeb4"},
]
six = [
    {file = "six-1.12.0-py2.py3-none-any.whl", hash = "sha256:3350809f0555b11f552448330d0b52d5f24c91a322ea4a15ef22629740f3761c"},
    {file = "six-1.12.0.tar.gz", hash = "sha256:d16a0141ec1a18405cd4ce8b4613101da75da0e9a7aec5bdd4fa804d0e0eba73"},
]
soupsieve = [
    {file = "soupsieve-1.9.3-py2.py3-none-any.whl", hash = "sha256:a5a6166b4767725fd52ae55fee8c8b6137d9a51e9f1edea461a062a759160118"},
    {file = "soupsieve-1.9.3.tar.gz", hash = "sha256:8662843366b8d8779dec4e2f921bebec9afd856a5ff2e82cd419acc5054a1a92"},
]
sqlparse = [
    {file = "sqlparse-0.3.0-py2.py3-none-any.whl", hash = "sha256:40afe6b8d4b1117e7dff5504d7a8ce07d9a1b15aeeade8a2d10f130a834f8177"},
    {file = "sqlparse-0.3.0.tar.gz", hash = "sha256:7c3dca29c022744e95b547e867cee89f4fce4373f3549ccd8797d8eb52cdb873"},
]
urllib3 = [
    {file = "urllib3-1.25.3-py2.py3-none-any.whl", hash = "sha256:b246607a25ac80bedac05c6f282e3cdaf3afb65420fd024ac94435cabe6e18d1"},
    {file = "urllib3-1.25.3.tar.gz", hash = "sha256:dbe59173209418ae49d485b87d1681aefa36252ee85884c31346debd19463232"},
]
vcrpy = [
    {file = "vcrpy-2.1.0-py2.py3-none-any.whl", hash = "sha256:b5bcdd4450d03acd623515c8b9fbf3f1f7fa3a44fd0c01c674b0f1166a1949f8"},
    {file = "vcrpy-2.1.0.tar.gz", hash = "sha256:0e79239441fb4c731da9f05aecbd062223ef1f4ab668d2400c63c347a7071414"},
]
wcwidth = [
    {file = "wcwidth-0.1.7-py2.py3-none-any.whl", hash = "sha256:f4ebe71925af7b40a864553f761ed559b43544f8f71746c2d756c7fe788ade7c"},
    {file = "wcwidth-0.1.7.tar.gz", hash = "sha256:3df37372226d6e63e1b1e1eda15c594bca98a22d33a23832a90998faa96bc65e"},
]
webencodings = [
    {file = "webencodings-0.5.1-py2.py3-none-any.whl", hash = "sha256:a0af1213f3c2226497a97e2b3aa01a7e4bee4f403f95be16fc9acd2947514a78"},
    {file = "webencodings-0.5.1.tar.gz", hash = "sha256:b36a1c245f2d304965eb4e0a82848379241dc04b865afcc4aab16748587e1923"},
]
werkzeug = [
    {file = "Werkzeug-0.15.5-py2.py3-none-any.whl", hash = "sha256:87ae4e5b5366da2347eb3116c0e6c681a0e939a33b2805e2c0cbd282664932c4"},
    {file = "Werkzeug-0.15.5.tar.gz", hash = "sha256:a13b74dd3c45f758d4ebdb224be8f1ab8ef58b3c0ffc1783a8c7d9f4f50227e6"},
]
whitenoise = [
    {file = "whitenoise-4.1.3-py2.py3-none-any.whl", hash = "sha256:c9b7c47fdc1dba4d37bf2787a01a844dc7a521e174fcd22a2d429e0be65e1782"},
    {file = "whitenoise-4.1.3.tar.gz", hash = "sha256:59d880d25d0e90bcc6554fe0504a11195bd2e59b3d690b6fb42a8040d4e67ef5"},
]
wrapt = [
    {file = "wrapt-1.11.2.tar.gz", hash = "sha256:565a021fd19419476b9362b05eeaa094178de64f8361e44468f9e9d7843901e1"},
]
yarl = [
    {file = "yarl-1.3.0-cp35-cp35m-manylinux1_i686.whl", hash = "sha256:3e2724eb9af5dc41648e5bb304fcf4891adc33258c6e14e2a7414ea32541e320"},
    {file = "yarl-1.3.0-cp35-cp35m-manylinux1_x86_64.whl", hash = "sha256:3890ab952d508523ef4881457c4099056546593fa05e93da84c7250516e632eb"},
    {file = "yarl-1.3.0-cp35-cp35m-win32.whl", hash = "sha256:7ab825726f2940c16d92aaec7d204cfc34ac26c0040da727cf8ba87255a33829"},
    {file = "yarl-1.3.0-cp35-cp35m-win_amd64.whl", hash = "sha256:b25de84a8c20540531526dfbb0e2d2b648c13fd5dd126728c496d7c3fea33310"},
    {file = "yarl-1.3.0-cp36-cp36m-manylinux1_i686.whl", hash = "sha256:2f3010703295fbe1aec51023740871e64bb9664c789cba5a6bdf404e93f7568f"},
    {file = "yarl-1.3.0-cp36-cp36m-manylinux1_x86_64.whl", hash = "sha256:5badb97dd0abf26623a9982cd448ff12cb39b8e4c94032ccdedf22ce01a64842"},
    {file = "yarl-1.3.0-cp36-cp36m-win32.whl", hash = "sha256:c9bb7c249c4432cd47e75af3864bc02d26c9594f49c82e2a28624417f0ae63b8"},
    {file = "yarl-1.3.0-cp36-cp36m-win_amd64.whl", hash = "sha256:c6e341f5a6562af74ba55205dbd56d248daf1b5748ec48a0200ba227bb9e33f4"},
    {file = "yarl-1.3.0-cp37-cp37m-win32.whl", hash = "sha256:e060906c0c585565c718d1c3841747b61c5439af2211e185f6739a9412dfbde1"},
    {file = "yarl-1.3.0-cp37-cp37m-win_amd64.whl", hash = "sha256:73f447d11b530d860ca1e6b582f947688286ad16ca42256413083d13f260b7a0"},
    {file = "yarl-1.3.0.tar.gz", hash = "sha256:024ecdc12bc02b321bc66b41327f930d1c2c543fa9a561b39861da9388ba7aa9"},
]
zipp = [
    {file = "zipp-0.6.0-py2.py3-none-any.whl", hash = "sha256:f06903e9f1f43b12d371004b4ac7b06ab39a44adc747266928ae6debfa7b3335"},
    {file = "zipp-0.6.0.tar.gz", hash = "sha256:3718b1cbcd963c7d4c5511a8240812904164b7f381b647143a89d3b98f9bcd8e"},
]
